{
    "version": 3,
    "terraform_version": "0.12.31",
    "serial": 1,
    "lineage": "d3bbfcf5-f720-d2c0-3b9e-54950dfe6925",
    "modules": [
        {
            "path": [
                "root"
            ],
            "outputs": {
                "aws_api_gateway_integration_response_tfer--bqqn2os7e1-002F-axkm4n-002F-OPTIONS-002F-200_id": {
                    "sensitive": false,
                    "type": "string",
                    "value": "bqqn2os7e1/axkm4n/OPTIONS/200"
                },
                "aws_api_gateway_integration_response_tfer--bqqn2os7e1-002F-evfv16-002F-OPTIONS-002F-200_id": {
                    "sensitive": false,
                    "type": "string",
                    "value": "bqqn2os7e1/evfv16/OPTIONS/200"
                },
                "aws_api_gateway_integration_response_tfer--bqqn2os7e1-002F-qvuoww-002F-OPTIONS-002F-200_id": {
                    "sensitive": false,
                    "type": "string",
                    "value": "bqqn2os7e1/qvuoww/OPTIONS/200"
                },
                "aws_api_gateway_integration_response_tfer--bqqn2os7e1-002F-uy8n5j-002F-OPTIONS-002F-200_id": {
                    "sensitive": false,
                    "type": "string",
                    "value": "bqqn2os7e1/uy8n5j/OPTIONS/200"
                },
                "aws_api_gateway_integration_response_tfer--bqqn2os7e1-002F-vhunuf-002F-OPTIONS-002F-200_id": {
                    "sensitive": false,
                    "type": "string",
                    "value": "bqqn2os7e1/vhunuf/OPTIONS/200"
                },
                "aws_api_gateway_integration_tfer--bqqn2os7e1-002F-axkm4n-002F-OPTIONS_id": {
                    "sensitive": false,
                    "type": "string",
                    "value": "bqqn2os7e1/axkm4n/OPTIONS"
                },
                "aws_api_gateway_integration_tfer--bqqn2os7e1-002F-axkm4n-002F-POST_id": {
                    "sensitive": false,
                    "type": "string",
                    "value": "bqqn2os7e1/axkm4n/POST"
                },
                "aws_api_gateway_integration_tfer--bqqn2os7e1-002F-evfv16-002F-OPTIONS_id": {
                    "sensitive": false,
                    "type": "string",
                    "value": "bqqn2os7e1/evfv16/OPTIONS"
                },
                "aws_api_gateway_integration_tfer--bqqn2os7e1-002F-evfv16-002F-POST_id": {
                    "sensitive": false,
                    "type": "string",
                    "value": "bqqn2os7e1/evfv16/POST"
                },
                "aws_api_gateway_integration_tfer--bqqn2os7e1-002F-qvuoww-002F-OPTIONS_id": {
                    "sensitive": false,
                    "type": "string",
                    "value": "bqqn2os7e1/qvuoww/OPTIONS"
                },
                "aws_api_gateway_integration_tfer--bqqn2os7e1-002F-qvuoww-002F-POST_id": {
                    "sensitive": false,
                    "type": "string",
                    "value": "bqqn2os7e1/qvuoww/POST"
                },
                "aws_api_gateway_integration_tfer--bqqn2os7e1-002F-uy8n5j-002F-OPTIONS_id": {
                    "sensitive": false,
                    "type": "string",
                    "value": "bqqn2os7e1/uy8n5j/OPTIONS"
                },
                "aws_api_gateway_integration_tfer--bqqn2os7e1-002F-uy8n5j-002F-POST_id": {
                    "sensitive": false,
                    "type": "string",
                    "value": "bqqn2os7e1/uy8n5j/POST"
                },
                "aws_api_gateway_integration_tfer--bqqn2os7e1-002F-vhunuf-002F-OPTIONS_id": {
                    "sensitive": false,
                    "type": "string",
                    "value": "bqqn2os7e1/vhunuf/OPTIONS"
                },
                "aws_api_gateway_integration_tfer--bqqn2os7e1-002F-vhunuf-002F-POST_id": {
                    "sensitive": false,
                    "type": "string",
                    "value": "bqqn2os7e1/vhunuf/POST"
                },
                "aws_api_gateway_method_response_tfer--bqqn2os7e1-002F-axkm4n-002F-OPTIONS-002F-200_id": {
                    "sensitive": false,
                    "type": "string",
                    "value": "bqqn2os7e1/axkm4n/OPTIONS/200"
                },
                "aws_api_gateway_method_response_tfer--bqqn2os7e1-002F-evfv16-002F-OPTIONS-002F-200_id": {
                    "sensitive": false,
                    "type": "string",
                    "value": "bqqn2os7e1/evfv16/OPTIONS/200"
                },
                "aws_api_gateway_method_response_tfer--bqqn2os7e1-002F-qvuoww-002F-OPTIONS-002F-200_id": {
                    "sensitive": false,
                    "type": "string",
                    "value": "bqqn2os7e1/qvuoww/OPTIONS/200"
                },
                "aws_api_gateway_method_response_tfer--bqqn2os7e1-002F-uy8n5j-002F-OPTIONS-002F-200_id": {
                    "sensitive": false,
                    "type": "string",
                    "value": "bqqn2os7e1/uy8n5j/OPTIONS/200"
                },
                "aws_api_gateway_method_response_tfer--bqqn2os7e1-002F-vhunuf-002F-OPTIONS-002F-200_id": {
                    "sensitive": false,
                    "type": "string",
                    "value": "bqqn2os7e1/vhunuf/OPTIONS/200"
                },
                "aws_api_gateway_method_tfer--bqqn2os7e1-002F-axkm4n-002F-OPTIONS_id": {
                    "sensitive": false,
                    "type": "string",
                    "value": "bqqn2os7e1/axkm4n/OPTIONS"
                },
                "aws_api_gateway_method_tfer--bqqn2os7e1-002F-axkm4n-002F-POST_id": {
                    "sensitive": false,
                    "type": "string",
                    "value": "bqqn2os7e1/axkm4n/POST"
                },
                "aws_api_gateway_method_tfer--bqqn2os7e1-002F-evfv16-002F-OPTIONS_id": {
                    "sensitive": false,
                    "type": "string",
                    "value": "bqqn2os7e1/evfv16/OPTIONS"
                },
                "aws_api_gateway_method_tfer--bqqn2os7e1-002F-evfv16-002F-POST_id": {
                    "sensitive": false,
                    "type": "string",
                    "value": "bqqn2os7e1/evfv16/POST"
                },
                "aws_api_gateway_method_tfer--bqqn2os7e1-002F-qvuoww-002F-OPTIONS_id": {
                    "sensitive": false,
                    "type": "string",
                    "value": "bqqn2os7e1/qvuoww/OPTIONS"
                },
                "aws_api_gateway_method_tfer--bqqn2os7e1-002F-qvuoww-002F-POST_id": {
                    "sensitive": false,
                    "type": "string",
                    "value": "bqqn2os7e1/qvuoww/POST"
                },
                "aws_api_gateway_method_tfer--bqqn2os7e1-002F-uy8n5j-002F-OPTIONS_id": {
                    "sensitive": false,
                    "type": "string",
                    "value": "bqqn2os7e1/uy8n5j/OPTIONS"
                },
                "aws_api_gateway_method_tfer--bqqn2os7e1-002F-uy8n5j-002F-POST_id": {
                    "sensitive": false,
                    "type": "string",
                    "value": "bqqn2os7e1/uy8n5j/POST"
                },
                "aws_api_gateway_method_tfer--bqqn2os7e1-002F-vhunuf-002F-OPTIONS_id": {
                    "sensitive": false,
                    "type": "string",
                    "value": "bqqn2os7e1/vhunuf/OPTIONS"
                },
                "aws_api_gateway_method_tfer--bqqn2os7e1-002F-vhunuf-002F-POST_id": {
                    "sensitive": false,
                    "type": "string",
                    "value": "bqqn2os7e1/vhunuf/POST"
                },
                "aws_api_gateway_model_tfer--6jpexg_id": {
                    "sensitive": false,
                    "type": "string",
                    "value": "6jpexg"
                },
                "aws_api_gateway_model_tfer--wrqlfo_id": {
                    "sensitive": false,
                    "type": "string",
                    "value": "wrqlfo"
                },
                "aws_api_gateway_resource_tfer--axkm4n_id": {
                    "sensitive": false,
                    "type": "string",
                    "value": "axkm4n"
                },
                "aws_api_gateway_resource_tfer--evfv16_id": {
                    "sensitive": false,
                    "type": "string",
                    "value": "evfv16"
                },
                "aws_api_gateway_resource_tfer--hou9e47uc2_id": {
                    "sensitive": false,
                    "type": "string",
                    "value": "hou9e47uc2"
                },
                "aws_api_gateway_resource_tfer--m66i0m_id": {
                    "sensitive": false,
                    "type": "string",
                    "value": "m66i0m"
                },
                "aws_api_gateway_resource_tfer--n4lsez_id": {
                    "sensitive": false,
                    "type": "string",
                    "value": "n4lsez"
                },
                "aws_api_gateway_resource_tfer--qvuoww_id": {
                    "sensitive": false,
                    "type": "string",
                    "value": "qvuoww"
                },
                "aws_api_gateway_resource_tfer--uy8n5j_id": {
                    "sensitive": false,
                    "type": "string",
                    "value": "uy8n5j"
                },
                "aws_api_gateway_resource_tfer--vhunuf_id": {
                    "sensitive": false,
                    "type": "string",
                    "value": "vhunuf"
                },
                "aws_api_gateway_rest_api_tfer--bqqn2os7e1_eventspark-microservice-stg_id": {
                    "sensitive": false,
                    "type": "string",
                    "value": "bqqn2os7e1"
                },
                "aws_api_gateway_stage_tfer--bqqn2os7e1-002F-stg_id": {
                    "sensitive": false,
                    "type": "string",
                    "value": "bqqn2os7e1/stg"
                }
            },
            "resources": {
                "aws_api_gateway_integration.tfer--bqqn2os7e1-002F-axkm4n-002F-OPTIONS": {
                    "type": "aws_api_gateway_integration",
                    "depends_on": [],
                    "primary": {
                        "id": "bqqn2os7e1/axkm4n/OPTIONS",
                        "attributes": {
                            "cache_key_parameters.#": "0",
                            "cache_namespace": "axkm4n",
                            "connection_id": "",
                            "connection_type": "INTERNET",
                            "content_handling": "",
                            "credentials": "",
                            "http_method": "OPTIONS",
                            "id": "bqqn2os7e1/axkm4n/OPTIONS",
                            "integration_http_method": "",
                            "passthrough_behavior": "WHEN_NO_MATCH",
                            "request_parameters.%": "0",
                            "request_templates.%": "1",
                            "request_templates.application/json": "{\"statusCode\": 200}",
                            "resource_id": "axkm4n",
                            "rest_api_id": "bqqn2os7e1",
                            "timeout_milliseconds": "29000",
                            "tls_config.#": "0",
                            "type": "MOCK",
                            "uri": ""
                        },
                        "meta": {
                            "schema_version": 0
                        },
                        "tainted": false
                    },
                    "deposed": [],
                    "provider": "provider.aws"
                },
                "aws_api_gateway_integration.tfer--bqqn2os7e1-002F-axkm4n-002F-POST": {
                    "type": "aws_api_gateway_integration",
                    "depends_on": [],
                    "primary": {
                        "id": "bqqn2os7e1/axkm4n/POST",
                        "attributes": {
                            "cache_key_parameters.#": "0",
                            "cache_namespace": "axkm4n",
                            "connection_id": "",
                            "connection_type": "INTERNET",
                            "content_handling": "",
                            "credentials": "",
                            "http_method": "POST",
                            "id": "bqqn2os7e1/axkm4n/POST",
                            "integration_http_method": "POST",
                            "passthrough_behavior": "WHEN_NO_MATCH",
                            "request_parameters.%": "0",
                            "request_templates.%": "0",
                            "resource_id": "axkm4n",
                            "rest_api_id": "bqqn2os7e1",
                            "timeout_milliseconds": "29000",
                            "tls_config.#": "0",
                            "type": "AWS_PROXY",
                            "uri": "arn:aws:apigateway:ap-southeast-1:lambda:path/2015-03-31/functions/arn:aws:lambda:ap-southeast-1:381491878469:function:eventspark-microservice-stg-verify/invocations"
                        },
                        "meta": {
                            "schema_version": 0
                        },
                        "tainted": false
                    },
                    "deposed": [],
                    "provider": "provider.aws"
                },
                "aws_api_gateway_integration.tfer--bqqn2os7e1-002F-evfv16-002F-OPTIONS": {
                    "type": "aws_api_gateway_integration",
                    "depends_on": [],
                    "primary": {
                        "id": "bqqn2os7e1/evfv16/OPTIONS",
                        "attributes": {
                            "cache_key_parameters.#": "0",
                            "cache_namespace": "evfv16",
                            "connection_id": "",
                            "connection_type": "INTERNET",
                            "content_handling": "",
                            "credentials": "",
                            "http_method": "OPTIONS",
                            "id": "bqqn2os7e1/evfv16/OPTIONS",
                            "integration_http_method": "",
                            "passthrough_behavior": "WHEN_NO_MATCH",
                            "request_parameters.%": "0",
                            "request_templates.%": "1",
                            "request_templates.application/json": "{\"statusCode\": 200}",
                            "resource_id": "evfv16",
                            "rest_api_id": "bqqn2os7e1",
                            "timeout_milliseconds": "29000",
                            "tls_config.#": "0",
                            "type": "MOCK",
                            "uri": ""
                        },
                        "meta": {
                            "schema_version": 0
                        },
                        "tainted": false
                    },
                    "deposed": [],
                    "provider": "provider.aws"
                },
                "aws_api_gateway_integration.tfer--bqqn2os7e1-002F-evfv16-002F-POST": {
                    "type": "aws_api_gateway_integration",
                    "depends_on": [],
                    "primary": {
                        "id": "bqqn2os7e1/evfv16/POST",
                        "attributes": {
                            "cache_key_parameters.#": "0",
                            "cache_namespace": "evfv16",
                            "connection_id": "",
                            "connection_type": "INTERNET",
                            "content_handling": "",
                            "credentials": "",
                            "http_method": "POST",
                            "id": "bqqn2os7e1/evfv16/POST",
                            "integration_http_method": "POST",
                            "passthrough_behavior": "WHEN_NO_MATCH",
                            "request_parameters.%": "0",
                            "request_templates.%": "0",
                            "resource_id": "evfv16",
                            "rest_api_id": "bqqn2os7e1",
                            "timeout_milliseconds": "29000",
                            "tls_config.#": "0",
                            "type": "AWS_PROXY",
                            "uri": "arn:aws:apigateway:ap-southeast-1:lambda:path/2015-03-31/functions/arn:aws:lambda:ap-southeast-1:381491878469:function:eventspark-microservice-stg-qrcheckin/invocations"
                        },
                        "meta": {
                            "schema_version": 0
                        },
                        "tainted": false
                    },
                    "deposed": [],
                    "provider": "provider.aws"
                },
                "aws_api_gateway_integration.tfer--bqqn2os7e1-002F-qvuoww-002F-OPTIONS": {
                    "type": "aws_api_gateway_integration",
                    "depends_on": [],
                    "primary": {
                        "id": "bqqn2os7e1/qvuoww/OPTIONS",
                        "attributes": {
                            "cache_key_parameters.#": "0",
                            "cache_namespace": "qvuoww",
                            "connection_id": "",
                            "connection_type": "INTERNET",
                            "content_handling": "",
                            "credentials": "",
                            "http_method": "OPTIONS",
                            "id": "bqqn2os7e1/qvuoww/OPTIONS",
                            "integration_http_method": "",
                            "passthrough_behavior": "WHEN_NO_MATCH",
                            "request_parameters.%": "0",
                            "request_templates.%": "1",
                            "request_templates.application/json": "{\"statusCode\": 200}",
                            "resource_id": "qvuoww",
                            "rest_api_id": "bqqn2os7e1",
                            "timeout_milliseconds": "29000",
                            "tls_config.#": "0",
                            "type": "MOCK",
                            "uri": ""
                        },
                        "meta": {
                            "schema_version": 0
                        },
                        "tainted": false
                    },
                    "deposed": [],
                    "provider": "provider.aws"
                },
                "aws_api_gateway_integration.tfer--bqqn2os7e1-002F-qvuoww-002F-POST": {
                    "type": "aws_api_gateway_integration",
                    "depends_on": [],
                    "primary": {
                        "id": "bqqn2os7e1/qvuoww/POST",
                        "attributes": {
                            "cache_key_parameters.#": "0",
                            "cache_namespace": "qvuoww",
                            "connection_id": "",
                            "connection_type": "INTERNET",
                            "content_handling": "",
                            "credentials": "",
                            "http_method": "POST",
                            "id": "bqqn2os7e1/qvuoww/POST",
                            "integration_http_method": "POST",
                            "passthrough_behavior": "WHEN_NO_MATCH",
                            "request_parameters.%": "0",
                            "request_templates.%": "0",
                            "resource_id": "qvuoww",
                            "rest_api_id": "bqqn2os7e1",
                            "timeout_milliseconds": "29000",
                            "tls_config.#": "0",
                            "type": "AWS_PROXY",
                            "uri": "arn:aws:apigateway:ap-southeast-1:lambda:path/2015-03-31/functions/arn:aws:lambda:ap-southeast-1:381491878469:function:eventspark-microservice-stg-register/invocations"
                        },
                        "meta": {
                            "schema_version": 0
                        },
                        "tainted": false
                    },
                    "deposed": [],
                    "provider": "provider.aws"
                },
                "aws_api_gateway_integration.tfer--bqqn2os7e1-002F-uy8n5j-002F-OPTIONS": {
                    "type": "aws_api_gateway_integration",
                    "depends_on": [],
                    "primary": {
                        "id": "bqqn2os7e1/uy8n5j/OPTIONS",
                        "attributes": {
                            "cache_key_parameters.#": "0",
                            "cache_namespace": "uy8n5j",
                            "connection_id": "",
                            "connection_type": "INTERNET",
                            "content_handling": "",
                            "credentials": "",
                            "http_method": "OPTIONS",
                            "id": "bqqn2os7e1/uy8n5j/OPTIONS",
                            "integration_http_method": "",
                            "passthrough_behavior": "WHEN_NO_MATCH",
                            "request_parameters.%": "0",
                            "request_templates.%": "1",
                            "request_templates.application/json": "{\"statusCode\": 200}",
                            "resource_id": "uy8n5j",
                            "rest_api_id": "bqqn2os7e1",
                            "timeout_milliseconds": "29000",
                            "tls_config.#": "0",
                            "type": "MOCK",
                            "uri": ""
                        },
                        "meta": {
                            "schema_version": 0
                        },
                        "tainted": false
                    },
                    "deposed": [],
                    "provider": "provider.aws"
                },
                "aws_api_gateway_integration.tfer--bqqn2os7e1-002F-uy8n5j-002F-POST": {
                    "type": "aws_api_gateway_integration",
                    "depends_on": [],
                    "primary": {
                        "id": "bqqn2os7e1/uy8n5j/POST",
                        "attributes": {
                            "cache_key_parameters.#": "0",
                            "cache_namespace": "uy8n5j",
                            "connection_id": "",
                            "connection_type": "INTERNET",
                            "content_handling": "",
                            "credentials": "",
                            "http_method": "POST",
                            "id": "bqqn2os7e1/uy8n5j/POST",
                            "integration_http_method": "POST",
                            "passthrough_behavior": "WHEN_NO_MATCH",
                            "request_parameters.%": "0",
                            "request_templates.%": "0",
                            "resource_id": "uy8n5j",
                            "rest_api_id": "bqqn2os7e1",
                            "timeout_milliseconds": "29000",
                            "tls_config.#": "0",
                            "type": "AWS_PROXY",
                            "uri": "arn:aws:apigateway:ap-southeast-1:lambda:path/2015-03-31/functions/arn:aws:lambda:ap-southeast-1:381491878469:function:eventspark-microservice-stg-login/invocations"
                        },
                        "meta": {
                            "schema_version": 0
                        },
                        "tainted": false
                    },
                    "deposed": [],
                    "provider": "provider.aws"
                },
                "aws_api_gateway_integration.tfer--bqqn2os7e1-002F-vhunuf-002F-OPTIONS": {
                    "type": "aws_api_gateway_integration",
                    "depends_on": [],
                    "primary": {
                        "id": "bqqn2os7e1/vhunuf/OPTIONS",
                        "attributes": {
                            "cache_key_parameters.#": "0",
                            "cache_namespace": "vhunuf",
                            "connection_id": "",
                            "connection_type": "INTERNET",
                            "content_handling": "",
                            "credentials": "",
                            "http_method": "OPTIONS",
                            "id": "bqqn2os7e1/vhunuf/OPTIONS",
                            "integration_http_method": "",
                            "passthrough_behavior": "WHEN_NO_MATCH",
                            "request_parameters.%": "0",
                            "request_templates.%": "1",
                            "request_templates.application/json": "{\"statusCode\": 200}",
                            "resource_id": "vhunuf",
                            "rest_api_id": "bqqn2os7e1",
                            "timeout_milliseconds": "29000",
                            "tls_config.#": "0",
                            "type": "MOCK",
                            "uri": ""
                        },
                        "meta": {
                            "schema_version": 0
                        },
                        "tainted": false
                    },
                    "deposed": [],
                    "provider": "provider.aws"
                },
                "aws_api_gateway_integration.tfer--bqqn2os7e1-002F-vhunuf-002F-POST": {
                    "type": "aws_api_gateway_integration",
                    "depends_on": [],
                    "primary": {
                        "id": "bqqn2os7e1/vhunuf/POST",
                        "attributes": {
                            "cache_key_parameters.#": "0",
                            "cache_namespace": "vhunuf",
                            "connection_id": "",
                            "connection_type": "INTERNET",
                            "content_handling": "",
                            "credentials": "",
                            "http_method": "POST",
                            "id": "bqqn2os7e1/vhunuf/POST",
                            "integration_http_method": "POST",
                            "passthrough_behavior": "WHEN_NO_MATCH",
                            "request_parameters.%": "0",
                            "request_templates.%": "0",
                            "resource_id": "vhunuf",
                            "rest_api_id": "bqqn2os7e1",
                            "timeout_milliseconds": "29000",
                            "tls_config.#": "0",
                            "type": "AWS_PROXY",
                            "uri": "arn:aws:apigateway:ap-southeast-1:lambda:path/2015-03-31/functions/arn:aws:lambda:ap-southeast-1:381491878469:function:eventspark-microservice-stg-logout/invocations"
                        },
                        "meta": {
                            "schema_version": 0
                        },
                        "tainted": false
                    },
                    "deposed": [],
                    "provider": "provider.aws"
                },
                "aws_api_gateway_integration_response.tfer--bqqn2os7e1-002F-axkm4n-002F-OPTIONS-002F-200": {
                    "type": "aws_api_gateway_integration_response",
                    "depends_on": [],
                    "primary": {
                        "id": "bqqn2os7e1/axkm4n/OPTIONS/200",
                        "attributes": {
                            "content_handling": "",
                            "http_method": "OPTIONS",
                            "id": "bqqn2os7e1/axkm4n/OPTIONS/200",
                            "resource_id": "axkm4n",
                            "response_parameters.%": "4",
                            "response_parameters.method.response.header.Access-Control-Allow-Credentials": "'true'",
                            "response_parameters.method.response.header.Access-Control-Allow-Headers": "'Content-Type,X-Amz-Date,Authorization,X-Api-Key,X-Amz-Security-Token'",
                            "response_parameters.method.response.header.Access-Control-Allow-Methods": "'OPTIONS,POST'",
                            "response_parameters.method.response.header.Access-Control-Allow-Origin": "'http://ecs-frontend-lb-735742951.ap-southeast-1.elb.amazonaws.com'",
                            "response_templates.%": "0",
                            "rest_api_id": "bqqn2os7e1",
                            "selection_pattern": "",
                            "status_code": "200"
                        },
                        "meta": {
                            "schema_version": 0
                        },
                        "tainted": false
                    },
                    "deposed": [],
                    "provider": "provider.aws"
                },
                "aws_api_gateway_integration_response.tfer--bqqn2os7e1-002F-evfv16-002F-OPTIONS-002F-200": {
                    "type": "aws_api_gateway_integration_response",
                    "depends_on": [],
                    "primary": {
                        "id": "bqqn2os7e1/evfv16/OPTIONS/200",
                        "attributes": {
                            "content_handling": "",
                            "http_method": "OPTIONS",
                            "id": "bqqn2os7e1/evfv16/OPTIONS/200",
                            "resource_id": "evfv16",
                            "response_parameters.%": "4",
                            "response_parameters.method.response.header.Access-Control-Allow-Credentials": "'true'",
                            "response_parameters.method.response.header.Access-Control-Allow-Headers": "'Content-Type,X-Amz-Date,Authorization,X-Api-Key,X-Amz-Security-Token'",
                            "response_parameters.method.response.header.Access-Control-Allow-Methods": "'OPTIONS,POST'",
                            "response_parameters.method.response.header.Access-Control-Allow-Origin": "'http://ecs-frontend-lb-735742951.ap-southeast-1.elb.amazonaws.com'",
                            "response_templates.%": "0",
                            "rest_api_id": "bqqn2os7e1",
                            "selection_pattern": "",
                            "status_code": "200"
                        },
                        "meta": {
                            "schema_version": 0
                        },
                        "tainted": false
                    },
                    "deposed": [],
                    "provider": "provider.aws"
                },
                "aws_api_gateway_integration_response.tfer--bqqn2os7e1-002F-qvuoww-002F-OPTIONS-002F-200": {
                    "type": "aws_api_gateway_integration_response",
                    "depends_on": [],
                    "primary": {
                        "id": "bqqn2os7e1/qvuoww/OPTIONS/200",
                        "attributes": {
                            "content_handling": "",
                            "http_method": "OPTIONS",
                            "id": "bqqn2os7e1/qvuoww/OPTIONS/200",
                            "resource_id": "qvuoww",
                            "response_parameters.%": "3",
                            "response_parameters.method.response.header.Access-Control-Allow-Headers": "'Content-Type,X-Amz-Date,Authorization,X-Api-Key,X-Amz-Security-Token'",
                            "response_parameters.method.response.header.Access-Control-Allow-Methods": "'OPTIONS,POST'",
                            "response_parameters.method.response.header.Access-Control-Allow-Origin": "'http://ecs-frontend-lb-735742951.ap-southeast-1.elb.amazonaws.com'",
                            "response_templates.%": "0",
                            "rest_api_id": "bqqn2os7e1",
                            "selection_pattern": "",
                            "status_code": "200"
                        },
                        "meta": {
                            "schema_version": 0
                        },
                        "tainted": false
                    },
                    "deposed": [],
                    "provider": "provider.aws"
                },
                "aws_api_gateway_integration_response.tfer--bqqn2os7e1-002F-uy8n5j-002F-OPTIONS-002F-200": {
                    "type": "aws_api_gateway_integration_response",
                    "depends_on": [],
                    "primary": {
                        "id": "bqqn2os7e1/uy8n5j/OPTIONS/200",
                        "attributes": {
                            "content_handling": "",
                            "http_method": "OPTIONS",
                            "id": "bqqn2os7e1/uy8n5j/OPTIONS/200",
                            "resource_id": "uy8n5j",
                            "response_parameters.%": "4",
                            "response_parameters.method.response.header.Access-Control-Allow-Credentials": "'true'",
                            "response_parameters.method.response.header.Access-Control-Allow-Headers": "'Content-Type,X-Amz-Date,Authorization,X-Api-Key,X-Amz-Security-Token'",
                            "response_parameters.method.response.header.Access-Control-Allow-Methods": "'OPTIONS,POST'",
                            "response_parameters.method.response.header.Access-Control-Allow-Origin": "'http://ecs-frontend-lb-735742951.ap-southeast-1.elb.amazonaws.com'",
                            "response_templates.%": "0",
                            "rest_api_id": "bqqn2os7e1",
                            "selection_pattern": "",
                            "status_code": "200"
                        },
                        "meta": {
                            "schema_version": 0
                        },
                        "tainted": false
                    },
                    "deposed": [],
                    "provider": "provider.aws"
                },
                "aws_api_gateway_integration_response.tfer--bqqn2os7e1-002F-vhunuf-002F-OPTIONS-002F-200": {
                    "type": "aws_api_gateway_integration_response",
                    "depends_on": [],
                    "primary": {
                        "id": "bqqn2os7e1/vhunuf/OPTIONS/200",
                        "attributes": {
                            "content_handling": "",
                            "http_method": "OPTIONS",
                            "id": "bqqn2os7e1/vhunuf/OPTIONS/200",
                            "resource_id": "vhunuf",
                            "response_parameters.%": "3",
                            "response_parameters.method.response.header.Access-Control-Allow-Headers": "'Content-Type,X-Amz-Date,Authorization,X-Api-Key,X-Amz-Security-Token'",
                            "response_parameters.method.response.header.Access-Control-Allow-Methods": "'OPTIONS,POST'",
                            "response_parameters.method.response.header.Access-Control-Allow-Origin": "'http://ecs-frontend-lb-735742951.ap-southeast-1.elb.amazonaws.com'",
                            "response_templates.%": "0",
                            "rest_api_id": "bqqn2os7e1",
                            "selection_pattern": "",
                            "status_code": "200"
                        },
                        "meta": {
                            "schema_version": 0
                        },
                        "tainted": false
                    },
                    "deposed": [],
                    "provider": "provider.aws"
                },
                "aws_api_gateway_method.tfer--bqqn2os7e1-002F-axkm4n-002F-OPTIONS": {
                    "type": "aws_api_gateway_method",
                    "depends_on": [],
                    "primary": {
                        "id": "bqqn2os7e1/axkm4n/OPTIONS",
                        "attributes": {
                            "api_key_required": "false",
                            "authorization": "NONE",
                            "authorization_scopes.#": "0",
                            "authorizer_id": "",
                            "http_method": "OPTIONS",
                            "id": "bqqn2os7e1/axkm4n/OPTIONS",
                            "operation_name": "",
                            "request_models.%": "0",
                            "request_parameters.%": "0",
                            "request_validator_id": "",
                            "resource_id": "axkm4n",
                            "rest_api_id": "bqqn2os7e1"
                        },
                        "meta": {
                            "schema_version": 0
                        },
                        "tainted": false
                    },
                    "deposed": [],
                    "provider": "provider.aws"
                },
                "aws_api_gateway_method.tfer--bqqn2os7e1-002F-axkm4n-002F-POST": {
                    "type": "aws_api_gateway_method",
                    "depends_on": [],
                    "primary": {
                        "id": "bqqn2os7e1/axkm4n/POST",
                        "attributes": {
                            "api_key_required": "false",
                            "authorization": "NONE",
                            "authorization_scopes.#": "0",
                            "authorizer_id": "",
                            "http_method": "POST",
                            "id": "bqqn2os7e1/axkm4n/POST",
                            "operation_name": "",
                            "request_models.%": "0",
                            "request_parameters.%": "0",
                            "request_validator_id": "",
                            "resource_id": "axkm4n",
                            "rest_api_id": "bqqn2os7e1"
                        },
                        "meta": {
                            "schema_version": 0
                        },
                        "tainted": false
                    },
                    "deposed": [],
                    "provider": "provider.aws"
                },
                "aws_api_gateway_method.tfer--bqqn2os7e1-002F-evfv16-002F-OPTIONS": {
                    "type": "aws_api_gateway_method",
                    "depends_on": [],
                    "primary": {
                        "id": "bqqn2os7e1/evfv16/OPTIONS",
                        "attributes": {
                            "api_key_required": "false",
                            "authorization": "NONE",
                            "authorization_scopes.#": "0",
                            "authorizer_id": "",
                            "http_method": "OPTIONS",
                            "id": "bqqn2os7e1/evfv16/OPTIONS",
                            "operation_name": "",
                            "request_models.%": "0",
                            "request_parameters.%": "0",
                            "request_validator_id": "",
                            "resource_id": "evfv16",
                            "rest_api_id": "bqqn2os7e1"
                        },
                        "meta": {
                            "schema_version": 0
                        },
                        "tainted": false
                    },
                    "deposed": [],
                    "provider": "provider.aws"
                },
                "aws_api_gateway_method.tfer--bqqn2os7e1-002F-evfv16-002F-POST": {
                    "type": "aws_api_gateway_method",
                    "depends_on": [],
                    "primary": {
                        "id": "bqqn2os7e1/evfv16/POST",
                        "attributes": {
                            "api_key_required": "false",
                            "authorization": "NONE",
                            "authorization_scopes.#": "0",
                            "authorizer_id": "",
                            "http_method": "POST",
                            "id": "bqqn2os7e1/evfv16/POST",
                            "operation_name": "",
                            "request_models.%": "0",
                            "request_parameters.%": "0",
                            "request_validator_id": "",
                            "resource_id": "evfv16",
                            "rest_api_id": "bqqn2os7e1"
                        },
                        "meta": {
                            "schema_version": 0
                        },
                        "tainted": false
                    },
                    "deposed": [],
                    "provider": "provider.aws"
                },
                "aws_api_gateway_method.tfer--bqqn2os7e1-002F-qvuoww-002F-OPTIONS": {
                    "type": "aws_api_gateway_method",
                    "depends_on": [],
                    "primary": {
                        "id": "bqqn2os7e1/qvuoww/OPTIONS",
                        "attributes": {
                            "api_key_required": "false",
                            "authorization": "NONE",
                            "authorization_scopes.#": "0",
                            "authorizer_id": "",
                            "http_method": "OPTIONS",
                            "id": "bqqn2os7e1/qvuoww/OPTIONS",
                            "operation_name": "",
                            "request_models.%": "0",
                            "request_parameters.%": "0",
                            "request_validator_id": "",
                            "resource_id": "qvuoww",
                            "rest_api_id": "bqqn2os7e1"
                        },
                        "meta": {
                            "schema_version": 0
                        },
                        "tainted": false
                    },
                    "deposed": [],
                    "provider": "provider.aws"
                },
                "aws_api_gateway_method.tfer--bqqn2os7e1-002F-qvuoww-002F-POST": {
                    "type": "aws_api_gateway_method",
                    "depends_on": [],
                    "primary": {
                        "id": "bqqn2os7e1/qvuoww/POST",
                        "attributes": {
                            "api_key_required": "false",
                            "authorization": "NONE",
                            "authorization_scopes.#": "0",
                            "authorizer_id": "",
                            "http_method": "POST",
                            "id": "bqqn2os7e1/qvuoww/POST",
                            "operation_name": "",
                            "request_models.%": "0",
                            "request_parameters.%": "0",
                            "request_validator_id": "",
                            "resource_id": "qvuoww",
                            "rest_api_id": "bqqn2os7e1"
                        },
                        "meta": {
                            "schema_version": 0
                        },
                        "tainted": false
                    },
                    "deposed": [],
                    "provider": "provider.aws"
                },
                "aws_api_gateway_method.tfer--bqqn2os7e1-002F-uy8n5j-002F-OPTIONS": {
                    "type": "aws_api_gateway_method",
                    "depends_on": [],
                    "primary": {
                        "id": "bqqn2os7e1/uy8n5j/OPTIONS",
                        "attributes": {
                            "api_key_required": "false",
                            "authorization": "NONE",
                            "authorization_scopes.#": "0",
                            "authorizer_id": "",
                            "http_method": "OPTIONS",
                            "id": "bqqn2os7e1/uy8n5j/OPTIONS",
                            "operation_name": "",
                            "request_models.%": "0",
                            "request_parameters.%": "0",
                            "request_validator_id": "",
                            "resource_id": "uy8n5j",
                            "rest_api_id": "bqqn2os7e1"
                        },
                        "meta": {
                            "schema_version": 0
                        },
                        "tainted": false
                    },
                    "deposed": [],
                    "provider": "provider.aws"
                },
                "aws_api_gateway_method.tfer--bqqn2os7e1-002F-uy8n5j-002F-POST": {
                    "type": "aws_api_gateway_method",
                    "depends_on": [],
                    "primary": {
                        "id": "bqqn2os7e1/uy8n5j/POST",
                        "attributes": {
                            "api_key_required": "false",
                            "authorization": "NONE",
                            "authorization_scopes.#": "0",
                            "authorizer_id": "",
                            "http_method": "POST",
                            "id": "bqqn2os7e1/uy8n5j/POST",
                            "operation_name": "",
                            "request_models.%": "0",
                            "request_parameters.%": "0",
                            "request_validator_id": "",
                            "resource_id": "uy8n5j",
                            "rest_api_id": "bqqn2os7e1"
                        },
                        "meta": {
                            "schema_version": 0
                        },
                        "tainted": false
                    },
                    "deposed": [],
                    "provider": "provider.aws"
                },
                "aws_api_gateway_method.tfer--bqqn2os7e1-002F-vhunuf-002F-OPTIONS": {
                    "type": "aws_api_gateway_method",
                    "depends_on": [],
                    "primary": {
                        "id": "bqqn2os7e1/vhunuf/OPTIONS",
                        "attributes": {
                            "api_key_required": "false",
                            "authorization": "NONE",
                            "authorization_scopes.#": "0",
                            "authorizer_id": "",
                            "http_method": "OPTIONS",
                            "id": "bqqn2os7e1/vhunuf/OPTIONS",
                            "operation_name": "",
                            "request_models.%": "0",
                            "request_parameters.%": "0",
                            "request_validator_id": "",
                            "resource_id": "vhunuf",
                            "rest_api_id": "bqqn2os7e1"
                        },
                        "meta": {
                            "schema_version": 0
                        },
                        "tainted": false
                    },
                    "deposed": [],
                    "provider": "provider.aws"
                },
                "aws_api_gateway_method.tfer--bqqn2os7e1-002F-vhunuf-002F-POST": {
                    "type": "aws_api_gateway_method",
                    "depends_on": [],
                    "primary": {
                        "id": "bqqn2os7e1/vhunuf/POST",
                        "attributes": {
                            "api_key_required": "false",
                            "authorization": "NONE",
                            "authorization_scopes.#": "0",
                            "authorizer_id": "",
                            "http_method": "POST",
                            "id": "bqqn2os7e1/vhunuf/POST",
                            "operation_name": "",
                            "request_models.%": "0",
                            "request_parameters.%": "0",
                            "request_validator_id": "",
                            "resource_id": "vhunuf",
                            "rest_api_id": "bqqn2os7e1"
                        },
                        "meta": {
                            "schema_version": 0
                        },
                        "tainted": false
                    },
                    "deposed": [],
                    "provider": "provider.aws"
                },
                "aws_api_gateway_method_response.tfer--bqqn2os7e1-002F-axkm4n-002F-OPTIONS-002F-200": {
                    "type": "aws_api_gateway_method_response",
                    "depends_on": [],
                    "primary": {
                        "id": "bqqn2os7e1/axkm4n/OPTIONS/200",
                        "attributes": {
                            "http_method": "OPTIONS",
                            "id": "bqqn2os7e1/axkm4n/OPTIONS/200",
                            "resource_id": "axkm4n",
                            "response_models.%": "1",
                            "response_models.application/json": "Empty",
                            "response_parameters.%": "4",
                            "response_parameters.method.response.header.Access-Control-Allow-Credentials": "false",
                            "response_parameters.method.response.header.Access-Control-Allow-Headers": "false",
                            "response_parameters.method.response.header.Access-Control-Allow-Methods": "false",
                            "response_parameters.method.response.header.Access-Control-Allow-Origin": "false",
                            "rest_api_id": "bqqn2os7e1",
                            "status_code": "200"
                        },
                        "meta": {
                            "schema_version": 0
                        },
                        "tainted": false
                    },
                    "deposed": [],
                    "provider": "provider.aws"
                },
                "aws_api_gateway_method_response.tfer--bqqn2os7e1-002F-evfv16-002F-OPTIONS-002F-200": {
                    "type": "aws_api_gateway_method_response",
                    "depends_on": [],
                    "primary": {
                        "id": "bqqn2os7e1/evfv16/OPTIONS/200",
                        "attributes": {
                            "http_method": "OPTIONS",
                            "id": "bqqn2os7e1/evfv16/OPTIONS/200",
                            "resource_id": "evfv16",
                            "response_models.%": "1",
                            "response_models.application/json": "Empty",
                            "response_parameters.%": "4",
                            "response_parameters.method.response.header.Access-Control-Allow-Credentials": "false",
                            "response_parameters.method.response.header.Access-Control-Allow-Headers": "false",
                            "response_parameters.method.response.header.Access-Control-Allow-Methods": "false",
                            "response_parameters.method.response.header.Access-Control-Allow-Origin": "false",
                            "rest_api_id": "bqqn2os7e1",
                            "status_code": "200"
                        },
                        "meta": {
                            "schema_version": 0
                        },
                        "tainted": false
                    },
                    "deposed": [],
                    "provider": "provider.aws"
                },
                "aws_api_gateway_method_response.tfer--bqqn2os7e1-002F-qvuoww-002F-OPTIONS-002F-200": {
                    "type": "aws_api_gateway_method_response",
                    "depends_on": [],
                    "primary": {
                        "id": "bqqn2os7e1/qvuoww/OPTIONS/200",
                        "attributes": {
                            "http_method": "OPTIONS",
                            "id": "bqqn2os7e1/qvuoww/OPTIONS/200",
                            "resource_id": "qvuoww",
                            "response_models.%": "1",
                            "response_models.application/json": "Empty",
                            "response_parameters.%": "3",
                            "response_parameters.method.response.header.Access-Control-Allow-Headers": "false",
                            "response_parameters.method.response.header.Access-Control-Allow-Methods": "false",
                            "response_parameters.method.response.header.Access-Control-Allow-Origin": "false",
                            "rest_api_id": "bqqn2os7e1",
                            "status_code": "200"
                        },
                        "meta": {
                            "schema_version": 0
                        },
                        "tainted": false
                    },
                    "deposed": [],
                    "provider": "provider.aws"
                },
                "aws_api_gateway_method_response.tfer--bqqn2os7e1-002F-uy8n5j-002F-OPTIONS-002F-200": {
                    "type": "aws_api_gateway_method_response",
                    "depends_on": [],
                    "primary": {
                        "id": "bqqn2os7e1/uy8n5j/OPTIONS/200",
                        "attributes": {
                            "http_method": "OPTIONS",
                            "id": "bqqn2os7e1/uy8n5j/OPTIONS/200",
                            "resource_id": "uy8n5j",
                            "response_models.%": "1",
                            "response_models.application/json": "Empty",
                            "response_parameters.%": "4",
                            "response_parameters.method.response.header.Access-Control-Allow-Credentials": "false",
                            "response_parameters.method.response.header.Access-Control-Allow-Headers": "false",
                            "response_parameters.method.response.header.Access-Control-Allow-Methods": "false",
                            "response_parameters.method.response.header.Access-Control-Allow-Origin": "false",
                            "rest_api_id": "bqqn2os7e1",
                            "status_code": "200"
                        },
                        "meta": {
                            "schema_version": 0
                        },
                        "tainted": false
                    },
                    "deposed": [],
                    "provider": "provider.aws"
                },
                "aws_api_gateway_method_response.tfer--bqqn2os7e1-002F-vhunuf-002F-OPTIONS-002F-200": {
                    "type": "aws_api_gateway_method_response",
                    "depends_on": [],
                    "primary": {
                        "id": "bqqn2os7e1/vhunuf/OPTIONS/200",
                        "attributes": {
                            "http_method": "OPTIONS",
                            "id": "bqqn2os7e1/vhunuf/OPTIONS/200",
                            "resource_id": "vhunuf",
                            "response_models.%": "1",
                            "response_models.application/json": "Empty",
                            "response_parameters.%": "3",
                            "response_parameters.method.response.header.Access-Control-Allow-Headers": "false",
                            "response_parameters.method.response.header.Access-Control-Allow-Methods": "false",
                            "response_parameters.method.response.header.Access-Control-Allow-Origin": "false",
                            "rest_api_id": "bqqn2os7e1",
                            "status_code": "200"
                        },
                        "meta": {
                            "schema_version": 0
                        },
                        "tainted": false
                    },
                    "deposed": [],
                    "provider": "provider.aws"
                },
                "aws_api_gateway_model.tfer--6jpexg": {
                    "type": "aws_api_gateway_model",
                    "depends_on": [],
                    "primary": {
                        "id": "6jpexg",
                        "attributes": {
                            "content_type": "application/json",
                            "description": "This is a default error schema model",
                            "id": "6jpexg",
                            "name": "Error",
                            "rest_api_id": "bqqn2os7e1",
                            "schema": "{\n  \"$schema\" : \"http://json-schema.org/draft-04/schema#\",\n  \"title\" : \"Error Schema\",\n  \"type\" : \"object\",\n  \"properties\" : {\n    \"message\" : { \"type\" : \"string\" }\n  }\n}"
                        },
                        "meta": {
                            "schema_version": 0
                        },
                        "tainted": false
                    },
                    "deposed": [],
                    "provider": "provider.aws"
                },
                "aws_api_gateway_model.tfer--wrqlfo": {
                    "type": "aws_api_gateway_model",
                    "depends_on": [],
                    "primary": {
                        "id": "wrqlfo",
                        "attributes": {
                            "content_type": "application/json",
                            "description": "This is a default empty schema model",
                            "id": "wrqlfo",
                            "name": "Empty",
                            "rest_api_id": "bqqn2os7e1",
                            "schema": "{\n  \"$schema\": \"http://json-schema.org/draft-04/schema#\",\n  \"title\" : \"Empty Schema\",\n  \"type\" : \"object\"\n}"
                        },
                        "meta": {
                            "schema_version": 0
                        },
                        "tainted": false
                    },
                    "deposed": [],
                    "provider": "provider.aws"
                },
                "aws_api_gateway_resource.tfer--axkm4n": {
                    "type": "aws_api_gateway_resource",
                    "depends_on": [],
                    "primary": {
                        "id": "axkm4n",
                        "attributes": {
                            "id": "axkm4n",
                            "parent_id": "m66i0m",
                            "path": "/auth/verify",
                            "path_part": "verify",
                            "rest_api_id": "bqqn2os7e1"
                        },
                        "meta": {
                            "schema_version": 0
                        },
                        "tainted": false
                    },
                    "deposed": [],
                    "provider": "provider.aws"
                },
                "aws_api_gateway_resource.tfer--evfv16": {
                    "type": "aws_api_gateway_resource",
                    "depends_on": [],
                    "primary": {
                        "id": "evfv16",
                        "attributes": {
                            "id": "evfv16",
                            "parent_id": "n4lsez",
                            "path": "/qrcheckin/checkin",
                            "path_part": "checkin",
                            "rest_api_id": "bqqn2os7e1"
                        },
                        "meta": {
                            "schema_version": 0
                        },
                        "tainted": false
                    },
                    "deposed": [],
                    "provider": "provider.aws"
                },
                "aws_api_gateway_resource.tfer--hou9e47uc2": {
                    "type": "aws_api_gateway_resource",
                    "depends_on": [],
                    "primary": {
                        "id": "hou9e47uc2",
                        "attributes": {
                            "id": "hou9e47uc2",
                            "parent_id": "",
                            "path": "/",
                            "path_part": "",
                            "rest_api_id": "bqqn2os7e1"
                        },
                        "meta": {
                            "schema_version": 0
                        },
                        "tainted": false
                    },
                    "deposed": [],
                    "provider": "provider.aws"
                },
                "aws_api_gateway_resource.tfer--m66i0m": {
                    "type": "aws_api_gateway_resource",
                    "depends_on": [],
                    "primary": {
                        "id": "m66i0m",
                        "attributes": {
                            "id": "m66i0m",
                            "parent_id": "hou9e47uc2",
                            "path": "/auth",
                            "path_part": "auth",
                            "rest_api_id": "bqqn2os7e1"
                        },
                        "meta": {
                            "schema_version": 0
                        },
                        "tainted": false
                    },
                    "deposed": [],
                    "provider": "provider.aws"
                },
                "aws_api_gateway_resource.tfer--n4lsez": {
                    "type": "aws_api_gateway_resource",
                    "depends_on": [],
                    "primary": {
                        "id": "n4lsez",
                        "attributes": {
                            "id": "n4lsez",
                            "parent_id": "hou9e47uc2",
                            "path": "/qrcheckin",
                            "path_part": "qrcheckin",
                            "rest_api_id": "bqqn2os7e1"
                        },
                        "meta": {
                            "schema_version": 0
                        },
                        "tainted": false
                    },
                    "deposed": [],
                    "provider": "provider.aws"
                },
                "aws_api_gateway_resource.tfer--qvuoww": {
                    "type": "aws_api_gateway_resource",
                    "depends_on": [],
                    "primary": {
                        "id": "qvuoww",
                        "attributes": {
                            "id": "qvuoww",
                            "parent_id": "m66i0m",
                            "path": "/auth/register",
                            "path_part": "register",
                            "rest_api_id": "bqqn2os7e1"
                        },
                        "meta": {
                            "schema_version": 0
                        },
                        "tainted": false
                    },
                    "deposed": [],
                    "provider": "provider.aws"
                },
                "aws_api_gateway_resource.tfer--uy8n5j": {
                    "type": "aws_api_gateway_resource",
                    "depends_on": [],
                    "primary": {
                        "id": "uy8n5j",
                        "attributes": {
                            "id": "uy8n5j",
                            "parent_id": "m66i0m",
                            "path": "/auth/login",
                            "path_part": "login",
                            "rest_api_id": "bqqn2os7e1"
                        },
                        "meta": {
                            "schema_version": 0
                        },
                        "tainted": false
                    },
                    "deposed": [],
                    "provider": "provider.aws"
                },
                "aws_api_gateway_resource.tfer--vhunuf": {
                    "type": "aws_api_gateway_resource",
                    "depends_on": [],
                    "primary": {
                        "id": "vhunuf",
                        "attributes": {
                            "id": "vhunuf",
                            "parent_id": "m66i0m",
                            "path": "/auth/logout",
                            "path_part": "logout",
                            "rest_api_id": "bqqn2os7e1"
                        },
                        "meta": {
                            "schema_version": 0
                        },
                        "tainted": false
                    },
                    "deposed": [],
                    "provider": "provider.aws"
                },
                "aws_api_gateway_rest_api.tfer--bqqn2os7e1_eventspark-microservice-stg": {
                    "type": "aws_api_gateway_rest_api",
                    "depends_on": [],
                    "primary": {
                        "id": "bqqn2os7e1",
                        "attributes": {
                            "api_key_source": "HEADER",
                            "arn": "arn:aws:apigateway:ap-southeast-1::/restapis/bqqn2os7e1",
                            "binary_media_types.#": "0",
                            "created_date": "2024-10-29T16:39:20Z",
                            "description": "",
                            "disable_execute_api_endpoint": "false",
                            "endpoint_configuration.#": "1",
                            "endpoint_configuration.0.types.#": "1",
                            "endpoint_configuration.0.types.0": "EDGE",
                            "endpoint_configuration.0.vpc_endpoint_ids.#": "0",
                            "execution_arn": "arn:aws:execute-api:ap-southeast-1:381491878469:bqqn2os7e1",
                            "id": "bqqn2os7e1",
                            "minimum_compression_size": "1024",
                            "name": "eventspark-microservice-stg",
                            "policy": "",
                            "root_resource_id": "hou9e47uc2",
                            "tags.%": "1",
                            "tags.STAGE": "stg",
                            "tags_all.%": "1",
                            "tags_all.STAGE": "stg"
                        },
                        "meta": {
                            "schema_version": 0
                        },
                        "tainted": false
                    },
                    "deposed": [],
                    "provider": "provider.aws"
                },
                "aws_api_gateway_stage.tfer--bqqn2os7e1-002F-stg": {
                    "type": "aws_api_gateway_stage",
                    "depends_on": [],
                    "primary": {
                        "id": "bqqn2os7e1/stg",
                        "attributes": {
                            "access_log_settings.#": "0",
                            "arn": "arn:aws:apigateway:ap-southeast-1::/restapis/bqqn2os7e1/stages/stg",
                            "cache_cluster_enabled": "false",
                            "cache_cluster_size": "",
                            "canary_settings.#": "0",
                            "client_certificate_id": "",
                            "deployment_id": "ujqeh6",
                            "description": "",
                            "documentation_version": "",
                            "execution_arn": "arn:aws:execute-api:ap-southeast-1:381491878469:bqqn2os7e1/stg",
                            "id": "bqqn2os7e1/stg",
                            "invoke_url": "https://bqqn2os7e1.execute-api.ap-southeast-1.amazonaws.com/stg",
                            "rest_api_id": "bqqn2os7e1",
                            "stage_name": "stg",
                            "tags.%": "0",
                            "tags_all.%": "0",
                            "variables.%": "0",
                            "web_acl_arn": "",
                            "xray_tracing_enabled": "false"
                        },
                        "meta": {
                            "schema_version": 0
                        },
                        "tainted": false
                    },
                    "deposed": [],
                    "provider": "provider.aws"
                }
            },
            "depends_on": []
        }
    ]
}
