{
    "version": 3,
    "terraform_version": "0.12.31",
    "serial": 1,
    "lineage": "a5f93d28-8e10-ba39-d6ca-949080611bcb",
    "modules": [
        {
            "path": [
                "root"
            ],
            "outputs": {
                "aws_iam_access_key_tfer--AKIAVRUVQDJC33XCQZXL_id": {
                    "sensitive": false,
                    "type": "string",
                    "value": "AKIAVRUVQDJC33XCQZXL"
                },
                "aws_iam_access_key_tfer--AKIAVRUVQDJC3TQHCKZR_id": {
                    "sensitive": false,
                    "type": "string",
                    "value": "AKIAVRUVQDJC3TQHCKZR"
                },
                "aws_iam_access_key_tfer--AKIAVRUVQDJC3W7547LH_id": {
                    "sensitive": false,
                    "type": "string",
                    "value": "AKIAVRUVQDJC3W7547LH"
                },
                "aws_iam_access_key_tfer--AKIAVRUVQDJCQA75E5HJ_id": {
                    "sensitive": false,
                    "type": "string",
                    "value": "AKIAVRUVQDJCQA75E5HJ"
                },
                "aws_iam_access_key_tfer--AKIAVRUVQDJCRBV43LHI_id": {
                    "sensitive": false,
                    "type": "string",
                    "value": "AKIAVRUVQDJCRBV43LHI"
                },
                "aws_iam_access_key_tfer--AKIAVRUVQDJCRX4RP4TE_id": {
                    "sensitive": false,
                    "type": "string",
                    "value": "AKIAVRUVQDJCRX4RP4TE"
                },
                "aws_iam_access_key_tfer--AKIAVRUVQDJCSQUOBZKL_id": {
                    "sensitive": false,
                    "type": "string",
                    "value": "AKIAVRUVQDJCSQUOBZKL"
                },
                "aws_iam_instance_profile_tfer--ecsInstanceRole_id": {
                    "sensitive": false,
                    "type": "string",
                    "value": "ecsInstanceRole"
                },
                "aws_iam_role_policy_attachment_tfer--AWSServiceRoleForAPIGateway_APIGatewayServiceRolePolicy_id": {
                    "sensitive": false,
                    "type": "string",
                    "value": "AWSServiceRoleForAPIGateway/arn:aws:iam::aws:policy/aws-service-role/APIGatewayServiceRolePolicy"
                },
                "aws_iam_role_policy_attachment_tfer--AWSServiceRoleForApplicationAutoScaling_ECSService_AWSApplicationAutoscalingECSServicePolicy_id": {
                    "sensitive": false,
                    "type": "string",
                    "value": "AWSServiceRoleForApplicationAutoScaling_ECSService/arn:aws:iam::aws:policy/aws-service-role/AWSApplicationAutoscalingECSServicePolicy"
                },
                "aws_iam_role_policy_attachment_tfer--AWSServiceRoleForAutoScaling_AutoScalingServiceRolePolicy_id": {
                    "sensitive": false,
                    "type": "string",
                    "value": "AWSServiceRoleForAutoScaling/arn:aws:iam::aws:policy/aws-service-role/AutoScalingServiceRolePolicy"
                },
                "aws_iam_role_policy_attachment_tfer--AWSServiceRoleForECS_AmazonECSServiceRolePolicy_id": {
                    "sensitive": false,
                    "type": "string",
                    "value": "AWSServiceRoleForECS/arn:aws:iam::aws:policy/aws-service-role/AmazonECSServiceRolePolicy"
                },
                "aws_iam_role_policy_attachment_tfer--AWSServiceRoleForEc2InstanceConnect_Ec2InstanceConnectEndpoint_id": {
                    "sensitive": false,
                    "type": "string",
                    "value": "AWSServiceRoleForEc2InstanceConnect/arn:aws:iam::aws:policy/aws-service-role/Ec2InstanceConnectEndpoint"
                },
                "aws_iam_role_policy_attachment_tfer--AWSServiceRoleForElastiCache_ElastiCacheServiceRolePolicy_id": {
                    "sensitive": false,
                    "type": "string",
                    "value": "AWSServiceRoleForElastiCache/arn:aws:iam::aws:policy/aws-service-role/ElastiCacheServiceRolePolicy"
                },
                "aws_iam_role_policy_attachment_tfer--AWSServiceRoleForElasticLoadBalancing_AWSElasticLoadBalancingServiceRolePolicy_id": {
                    "sensitive": false,
                    "type": "string",
                    "value": "AWSServiceRoleForElasticLoadBalancing/arn:aws:iam::aws:policy/aws-service-role/AWSElasticLoadBalancingServiceRolePolicy"
                },
                "aws_iam_role_policy_attachment_tfer--AWSServiceRoleForGlobalAccelerator_AWSGlobalAcceleratorSLRPolicy_id": {
                    "sensitive": false,
                    "type": "string",
                    "value": "AWSServiceRoleForGlobalAccelerator/arn:aws:iam::aws:policy/aws-service-role/AWSGlobalAcceleratorSLRPolicy"
                },
                "aws_iam_role_policy_attachment_tfer--AWSServiceRoleForRDS_AmazonRDSServiceRolePolicy_id": {
                    "sensitive": false,
                    "type": "string",
                    "value": "AWSServiceRoleForRDS/arn:aws:iam::aws:policy/aws-service-role/AmazonRDSServiceRolePolicy"
                },
                "aws_iam_role_policy_attachment_tfer--AWSServiceRoleForSupport_AWSSupportServiceRolePolicy_id": {
                    "sensitive": false,
                    "type": "string",
                    "value": "AWSServiceRoleForSupport/arn:aws:iam::aws:policy/aws-service-role/AWSSupportServiceRolePolicy"
                },
                "aws_iam_role_policy_attachment_tfer--AWSServiceRoleForTrustedAdvisor_AWSTrustedAdvisorServiceRolePolicy_id": {
                    "sensitive": false,
                    "type": "string",
                    "value": "AWSServiceRoleForTrustedAdvisor/arn:aws:iam::aws:policy/aws-service-role/AWSTrustedAdvisorServiceRolePolicy"
                },
                "aws_iam_role_policy_attachment_tfer--ecr_ecs_assume_role_AmazonEC2ContainerRegistryFullAccess_id": {
                    "sensitive": false,
                    "type": "string",
                    "value": "ecr_ecs_assume_role/arn:aws:iam::aws:policy/AmazonEC2ContainerRegistryFullAccess"
                },
                "aws_iam_role_policy_attachment_tfer--ecsInstanceRole_AmazonEC2ContainerServiceforEC2Role_id": {
                    "sensitive": false,
                    "type": "string",
                    "value": "ecsInstanceRole/arn:aws:iam::aws:policy/service-role/AmazonEC2ContainerServiceforEC2Role"
                },
                "aws_iam_role_policy_attachment_tfer--ecsTaskExecutionRole_AmazonECSTaskExecutionRolePolicy_id": {
                    "sensitive": false,
                    "type": "string",
                    "value": "ecsTaskExecutionRole/arn:aws:iam::aws:policy/service-role/AmazonECSTaskExecutionRolePolicy"
                },
                "aws_iam_role_policy_attachment_tfer--eventspark-microservice-stg-ap-southeast-1-lambdaRole_AWSLambdaVPCAccessExecutionRole_id": {
                    "sensitive": false,
                    "type": "string",
                    "value": "eventspark-microservice-stg-ap-southeast-1-lambdaRole/arn:aws:iam::aws:policy/service-role/AWSLambdaVPCAccessExecutionRole"
                },
                "aws_iam_role_policy_attachment_tfer--rds-monitoring-role_AmazonRDSEnhancedMonitoringRole_id": {
                    "sensitive": false,
                    "type": "string",
                    "value": "rds-monitoring-role/arn:aws:iam::aws:policy/service-role/AmazonRDSEnhancedMonitoringRole"
                },
                "aws_iam_role_policy_tfer--backend_pipeline_assume_role_backend_pipeline_id": {
                    "sensitive": false,
                    "type": "string",
                    "value": "backend_pipeline_assume_role:backend_pipeline"
                },
                "aws_iam_role_policy_tfer--ecr_ecs_assume_role_DockerPipeline_id": {
                    "sensitive": false,
                    "type": "string",
                    "value": "ecr_ecs_assume_role:DockerPipeline"
                },
                "aws_iam_role_policy_tfer--ecr_ecs_assume_role_GithubActionsPassRole_id": {
                    "sensitive": false,
                    "type": "string",
                    "value": "ecr_ecs_assume_role:GithubActionsPassRole"
                },
                "aws_iam_role_policy_tfer--ecr_ecs_assume_role_logs_id": {
                    "sensitive": false,
                    "type": "string",
                    "value": "ecr_ecs_assume_role:logs"
                },
                "aws_iam_role_policy_tfer--eventspark-microservice-stg-ap-southeast-1-lambdaRole_eventspark-microservice-stg-lambda_id": {
                    "sensitive": false,
                    "type": "string",
                    "value": "eventspark-microservice-stg-ap-southeast-1-lambdaRole:eventspark-microservice-stg-lambda"
                },
                "aws_iam_role_tfer--AWSServiceRoleForAPIGateway_id": {
                    "sensitive": false,
                    "type": "string",
                    "value": "AWSServiceRoleForAPIGateway"
                },
                "aws_iam_role_tfer--AWSServiceRoleForApplicationAutoScaling_ECSService_id": {
                    "sensitive": false,
                    "type": "string",
                    "value": "AWSServiceRoleForApplicationAutoScaling_ECSService"
                },
                "aws_iam_role_tfer--AWSServiceRoleForAutoScaling_id": {
                    "sensitive": false,
                    "type": "string",
                    "value": "AWSServiceRoleForAutoScaling"
                },
                "aws_iam_role_tfer--AWSServiceRoleForECS_id": {
                    "sensitive": false,
                    "type": "string",
                    "value": "AWSServiceRoleForECS"
                },
                "aws_iam_role_tfer--AWSServiceRoleForEc2InstanceConnect_id": {
                    "sensitive": false,
                    "type": "string",
                    "value": "AWSServiceRoleForEc2InstanceConnect"
                },
                "aws_iam_role_tfer--AWSServiceRoleForElastiCache_id": {
                    "sensitive": false,
                    "type": "string",
                    "value": "AWSServiceRoleForElastiCache"
                },
                "aws_iam_role_tfer--AWSServiceRoleForElasticLoadBalancing_id": {
                    "sensitive": false,
                    "type": "string",
                    "value": "AWSServiceRoleForElasticLoadBalancing"
                },
                "aws_iam_role_tfer--AWSServiceRoleForGlobalAccelerator_id": {
                    "sensitive": false,
                    "type": "string",
                    "value": "AWSServiceRoleForGlobalAccelerator"
                },
                "aws_iam_role_tfer--AWSServiceRoleForRDS_id": {
                    "sensitive": false,
                    "type": "string",
                    "value": "AWSServiceRoleForRDS"
                },
                "aws_iam_role_tfer--AWSServiceRoleForSupport_id": {
                    "sensitive": false,
                    "type": "string",
                    "value": "AWSServiceRoleForSupport"
                },
                "aws_iam_role_tfer--AWSServiceRoleForTrustedAdvisor_id": {
                    "sensitive": false,
                    "type": "string",
                    "value": "AWSServiceRoleForTrustedAdvisor"
                },
                "aws_iam_role_tfer--backend_pipeline_assume_role_id": {
                    "sensitive": false,
                    "type": "string",
                    "value": "backend_pipeline_assume_role"
                },
                "aws_iam_role_tfer--ecr_ecs_assume_role_id": {
                    "sensitive": false,
                    "type": "string",
                    "value": "ecr_ecs_assume_role"
                },
                "aws_iam_role_tfer--ecsInstanceRole_id": {
                    "sensitive": false,
                    "type": "string",
                    "value": "ecsInstanceRole"
                },
                "aws_iam_role_tfer--ecsTaskExecutionRole_id": {
                    "sensitive": false,
                    "type": "string",
                    "value": "ecsTaskExecutionRole"
                },
                "aws_iam_role_tfer--eventspark-microservice-stg-ap-southeast-1-lambdaRole_id": {
                    "sensitive": false,
                    "type": "string",
                    "value": "eventspark-microservice-stg-ap-southeast-1-lambdaRole"
                },
                "aws_iam_role_tfer--rds-monitoring-role_id": {
                    "sensitive": false,
                    "type": "string",
                    "value": "rds-monitoring-role"
                },
                "aws_iam_user_policy_attachment_tfer--backend_user_AmazonS3FullAccess_id": {
                    "sensitive": false,
                    "type": "string",
                    "value": "backend_user/arn:aws:iam::aws:policy/AmazonS3FullAccess"
                },
                "aws_iam_user_policy_attachment_tfer--backend_user_AmazonSESFullAccess_id": {
                    "sensitive": false,
                    "type": "string",
                    "value": "backend_user/arn:aws:iam::aws:policy/AmazonSESFullAccess"
                },
                "aws_iam_user_policy_attachment_tfer--ecr_ecs_user_AmazonS3FullAccess_id": {
                    "sensitive": false,
                    "type": "string",
                    "value": "ecr_ecs_user/arn:aws:iam::aws:policy/AmazonS3FullAccess"
                },
                "aws_iam_user_policy_attachment_tfer--ecr_ecs_user_AmazonSESFullAccess_id": {
                    "sensitive": false,
                    "type": "string",
                    "value": "ecr_ecs_user/arn:aws:iam::aws:policy/AmazonSESFullAccess"
                },
                "aws_iam_user_policy_attachment_tfer--iac_terraform_AdministratorAccess_id": {
                    "sensitive": false,
                    "type": "string",
                    "value": "iac_terraform/arn:aws:iam::aws:policy/AdministratorAccess"
                },
                "aws_iam_user_policy_attachment_tfer--jeth_AdministratorAccess_id": {
                    "sensitive": false,
                    "type": "string",
                    "value": "jeth/arn:aws:iam::aws:policy/AdministratorAccess"
                },
                "aws_iam_user_policy_attachment_tfer--liran_AdministratorAccess_id": {
                    "sensitive": false,
                    "type": "string",
                    "value": "liran/arn:aws:iam::aws:policy/AdministratorAccess"
                },
                "aws_iam_user_policy_attachment_tfer--randy_AdministratorAccess_id": {
                    "sensitive": false,
                    "type": "string",
                    "value": "randy/arn:aws:iam::aws:policy/AdministratorAccess"
                },
                "aws_iam_user_policy_attachment_tfer--serverless_user_AdministratorAccess_id": {
                    "sensitive": false,
                    "type": "string",
                    "value": "serverless_user/arn:aws:iam::aws:policy/AdministratorAccess"
                },
                "aws_iam_user_policy_attachment_tfer--ses_user_AmazonSESFullAccess_id": {
                    "sensitive": false,
                    "type": "string",
                    "value": "ses_user/arn:aws:iam::aws:policy/AmazonSESFullAccess"
                },
                "aws_iam_user_policy_attachment_tfer--yeeying_AdministratorAccess_id": {
                    "sensitive": false,
                    "type": "string",
                    "value": "yeeying/arn:aws:iam::aws:policy/AdministratorAccess"
                },
                "aws_iam_user_tfer--AIDAVRUVQDJC5JRB6JUPV_id": {
                    "sensitive": false,
                    "type": "string",
                    "value": "yeeying"
                },
                "aws_iam_user_tfer--AIDAVRUVQDJC5W46CXSCW_id": {
                    "sensitive": false,
                    "type": "string",
                    "value": "iac_terraform"
                },
                "aws_iam_user_tfer--AIDAVRUVQDJC7DOTAIOJA_id": {
                    "sensitive": false,
                    "type": "string",
                    "value": "ecr_ecs_user"
                },
                "aws_iam_user_tfer--AIDAVRUVQDJCR42PZLAXS_id": {
                    "sensitive": false,
                    "type": "string",
                    "value": "jeth"
                },
                "aws_iam_user_tfer--AIDAVRUVQDJCRD2BWE3LR_id": {
                    "sensitive": false,
                    "type": "string",
                    "value": "ses_user"
                },
                "aws_iam_user_tfer--AIDAVRUVQDJCWM65QJFPA_id": {
                    "sensitive": false,
                    "type": "string",
                    "value": "backend_user"
                },
                "aws_iam_user_tfer--AIDAVRUVQDJCYFC4YMIS6_id": {
                    "sensitive": false,
                    "type": "string",
                    "value": "serverless_user"
                },
                "aws_iam_user_tfer--AIDAVRUVQDJCYKP5RSPEV_id": {
                    "sensitive": false,
                    "type": "string",
                    "value": "liran"
                },
                "aws_iam_user_tfer--AIDAVRUVQDJCZTRCHF3SH_id": {
                    "sensitive": false,
                    "type": "string",
                    "value": "randy"
                }
            },
            "resources": {
                "aws_iam_access_key.tfer--AKIAVRUVQDJC33XCQZXL": {
                    "type": "aws_iam_access_key",
                    "depends_on": [],
                    "primary": {
                        "id": "AKIAVRUVQDJC33XCQZXL",
                        "attributes": {
                            "create_date": "2024-11-10T08:15:33Z",
                            "id": "AKIAVRUVQDJC33XCQZXL",
                            "status": "Active",
                            "user": "iac_terraform"
                        },
                        "meta": {
                            "schema_version": 0
                        },
                        "tainted": false
                    },
                    "deposed": [],
                    "provider": "provider.aws"
                },
                "aws_iam_access_key.tfer--AKIAVRUVQDJC3TQHCKZR": {
                    "type": "aws_iam_access_key",
                    "depends_on": [],
                    "primary": {
                        "id": "AKIAVRUVQDJC3TQHCKZR",
                        "attributes": {
                            "create_date": "2024-09-13T07:58:59Z",
                            "id": "AKIAVRUVQDJC3TQHCKZR",
                            "status": "Active",
                            "user": "randy"
                        },
                        "meta": {
                            "schema_version": 0
                        },
                        "tainted": false
                    },
                    "deposed": [],
                    "provider": "provider.aws"
                },
                "aws_iam_access_key.tfer--AKIAVRUVQDJC3W7547LH": {
                    "type": "aws_iam_access_key",
                    "depends_on": [],
                    "primary": {
                        "id": "AKIAVRUVQDJC3W7547LH",
                        "attributes": {
                            "create_date": "2024-09-22T15:00:09Z",
                            "id": "AKIAVRUVQDJC3W7547LH",
                            "status": "Active",
                            "user": "ecr_ecs_user"
                        },
                        "meta": {
                            "schema_version": 0
                        },
                        "tainted": false
                    },
                    "deposed": [],
                    "provider": "provider.aws"
                },
                "aws_iam_access_key.tfer--AKIAVRUVQDJCQA75E5HJ": {
                    "type": "aws_iam_access_key",
                    "depends_on": [],
                    "primary": {
                        "id": "AKIAVRUVQDJCQA75E5HJ",
                        "attributes": {
                            "create_date": "2024-10-28T16:19:32Z",
                            "id": "AKIAVRUVQDJCQA75E5HJ",
                            "status": "Active",
                            "user": "serverless_user"
                        },
                        "meta": {
                            "schema_version": 0
                        },
                        "tainted": false
                    },
                    "deposed": [],
                    "provider": "provider.aws"
                },
                "aws_iam_access_key.tfer--AKIAVRUVQDJCRBV43LHI": {
                    "type": "aws_iam_access_key",
                    "depends_on": [],
                    "primary": {
                        "id": "AKIAVRUVQDJCRBV43LHI",
                        "attributes": {
                            "create_date": "2024-11-03T22:00:18Z",
                            "id": "AKIAVRUVQDJCRBV43LHI",
                            "status": "Active",
                            "user": "iac_terraform"
                        },
                        "meta": {
                            "schema_version": 0
                        },
                        "tainted": false
                    },
                    "deposed": [],
                    "provider": "provider.aws"
                },
                "aws_iam_access_key.tfer--AKIAVRUVQDJCRX4RP4TE": {
                    "type": "aws_iam_access_key",
                    "depends_on": [],
                    "primary": {
                        "id": "AKIAVRUVQDJCRX4RP4TE",
                        "attributes": {
                            "create_date": "2024-10-27T10:02:06Z",
                            "id": "AKIAVRUVQDJCRX4RP4TE",
                            "status": "Active",
                            "user": "ses_user"
                        },
                        "meta": {
                            "schema_version": 0
                        },
                        "tainted": false
                    },
                    "deposed": [],
                    "provider": "provider.aws"
                },
                "aws_iam_access_key.tfer--AKIAVRUVQDJCSQUOBZKL": {
                    "type": "aws_iam_access_key",
                    "depends_on": [],
                    "primary": {
                        "id": "AKIAVRUVQDJCSQUOBZKL",
                        "attributes": {
                            "create_date": "2024-10-26T03:26:53Z",
                            "id": "AKIAVRUVQDJCSQUOBZKL",
                            "status": "Active",
                            "user": "backend_user"
                        },
                        "meta": {
                            "schema_version": 0
                        },
                        "tainted": false
                    },
                    "deposed": [],
                    "provider": "provider.aws"
                },
                "aws_iam_instance_profile.tfer--ecsInstanceRole": {
                    "type": "aws_iam_instance_profile",
                    "depends_on": [],
                    "primary": {
                        "id": "ecsInstanceRole",
                        "attributes": {
                            "arn": "arn:aws:iam::381491878469:instance-profile/ecsInstanceRole",
                            "create_date": "2024-10-05T06:39:03Z",
                            "id": "ecsInstanceRole",
                            "name": "ecsInstanceRole",
                            "name_prefix": "",
                            "path": "/",
                            "role": "ecsInstanceRole",
                            "tags.%": "0",
                            "tags_all.%": "0",
                            "unique_id": "AIPAVRUVQDJC25AZTG37U"
                        },
                        "meta": {
                            "schema_version": 0
                        },
                        "tainted": false
                    },
                    "deposed": [],
                    "provider": "provider.aws"
                },
                "aws_iam_role.tfer--AWSServiceRoleForAPIGateway": {
                    "type": "aws_iam_role",
                    "depends_on": [],
                    "primary": {
                        "id": "AWSServiceRoleForAPIGateway",
                        "attributes": {
                            "arn": "arn:aws:iam::381491878469:role/aws-service-role/ops.apigateway.amazonaws.com/AWSServiceRoleForAPIGateway",
                            "assume_role_policy": "{\"Statement\":[{\"Action\":\"sts:AssumeRole\",\"Effect\":\"Allow\",\"Principal\":{\"Service\":\"ops.apigateway.amazonaws.com\"}}],\"Version\":\"2012-10-17\"}",
                            "create_date": "2024-09-21T05:38:20Z",
                            "description": "The Service Linked Role is used by Amazon API Gateway.",
                            "id": "AWSServiceRoleForAPIGateway",
                            "managed_policy_arns.#": "1",
                            "managed_policy_arns.0": "arn:aws:iam::aws:policy/aws-service-role/APIGatewayServiceRolePolicy",
                            "max_session_duration": "3600",
                            "name": "AWSServiceRoleForAPIGateway",
                            "name_prefix": "",
                            "path": "/aws-service-role/ops.apigateway.amazonaws.com/",
                            "permissions_boundary": "",
                            "tags.%": "0",
                            "tags_all.%": "0",
                            "unique_id": "AROAVRUVQDJCSGZH6MZ3C"
                        },
                        "meta": {
                            "schema_version": 0
                        },
                        "tainted": false
                    },
                    "deposed": [],
                    "provider": "provider.aws"
                },
                "aws_iam_role.tfer--AWSServiceRoleForApplicationAutoScaling_ECSService": {
                    "type": "aws_iam_role",
                    "depends_on": [],
                    "primary": {
                        "id": "AWSServiceRoleForApplicationAutoScaling_ECSService",
                        "attributes": {
                            "arn": "arn:aws:iam::381491878469:role/aws-service-role/ecs.application-autoscaling.amazonaws.com/AWSServiceRoleForApplicationAutoScaling_ECSService",
                            "assume_role_policy": "{\"Statement\":[{\"Action\":\"sts:AssumeRole\",\"Effect\":\"Allow\",\"Principal\":{\"Service\":\"ecs.application-autoscaling.amazonaws.com\"}}],\"Version\":\"2012-10-17\"}",
                            "create_date": "2024-11-03T07:11:27Z",
                            "description": "",
                            "id": "AWSServiceRoleForApplicationAutoScaling_ECSService",
                            "managed_policy_arns.#": "1",
                            "managed_policy_arns.0": "arn:aws:iam::aws:policy/aws-service-role/AWSApplicationAutoscalingECSServicePolicy",
                            "max_session_duration": "3600",
                            "name": "AWSServiceRoleForApplicationAutoScaling_ECSService",
                            "name_prefix": "",
                            "path": "/aws-service-role/ecs.application-autoscaling.amazonaws.com/",
                            "permissions_boundary": "",
                            "tags.%": "0",
                            "tags_all.%": "0",
                            "unique_id": "AROAVRUVQDJC7VDRPFZMT"
                        },
                        "meta": {
                            "schema_version": 0
                        },
                        "tainted": false
                    },
                    "deposed": [],
                    "provider": "provider.aws"
                },
                "aws_iam_role.tfer--AWSServiceRoleForAutoScaling": {
                    "type": "aws_iam_role",
                    "depends_on": [],
                    "primary": {
                        "id": "AWSServiceRoleForAutoScaling",
                        "attributes": {
                            "arn": "arn:aws:iam::381491878469:role/aws-service-role/autoscaling.amazonaws.com/AWSServiceRoleForAutoScaling",
                            "assume_role_policy": "{\"Statement\":[{\"Action\":\"sts:AssumeRole\",\"Effect\":\"Allow\",\"Principal\":{\"Service\":\"autoscaling.amazonaws.com\"}}],\"Version\":\"2012-10-17\"}",
                            "create_date": "2024-09-16T03:29:28Z",
                            "description": "Default Service-Linked Role enables access to AWS Services and Resources used or managed by Auto Scaling",
                            "id": "AWSServiceRoleForAutoScaling",
                            "managed_policy_arns.#": "1",
                            "managed_policy_arns.0": "arn:aws:iam::aws:policy/aws-service-role/AutoScalingServiceRolePolicy",
                            "max_session_duration": "3600",
                            "name": "AWSServiceRoleForAutoScaling",
                            "name_prefix": "",
                            "path": "/aws-service-role/autoscaling.amazonaws.com/",
                            "permissions_boundary": "",
                            "tags.%": "0",
                            "tags_all.%": "0",
                            "unique_id": "AROAVRUVQDJC62XKGRJO3"
                        },
                        "meta": {
                            "schema_version": 0
                        },
                        "tainted": false
                    },
                    "deposed": [],
                    "provider": "provider.aws"
                },
                "aws_iam_role.tfer--AWSServiceRoleForECS": {
                    "type": "aws_iam_role",
                    "depends_on": [],
                    "primary": {
                        "id": "AWSServiceRoleForECS",
                        "attributes": {
                            "arn": "arn:aws:iam::381491878469:role/aws-service-role/ecs.amazonaws.com/AWSServiceRoleForECS",
                            "assume_role_policy": "{\"Statement\":[{\"Action\":\"sts:AssumeRole\",\"Effect\":\"Allow\",\"Principal\":{\"Service\":\"ecs.amazonaws.com\"}}],\"Version\":\"2012-10-17\"}",
                            "create_date": "2024-08-24T17:46:32Z",
                            "description": "Role to enable Amazon ECS to manage your cluster.",
                            "id": "AWSServiceRoleForECS",
                            "managed_policy_arns.#": "1",
                            "managed_policy_arns.0": "arn:aws:iam::aws:policy/aws-service-role/AmazonECSServiceRolePolicy",
                            "max_session_duration": "3600",
                            "name": "AWSServiceRoleForECS",
                            "name_prefix": "",
                            "path": "/aws-service-role/ecs.amazonaws.com/",
                            "permissions_boundary": "",
                            "tags.%": "0",
                            "tags_all.%": "0",
                            "unique_id": "AROAVRUVQDJCR3EGOREQN"
                        },
                        "meta": {
                            "schema_version": 0
                        },
                        "tainted": false
                    },
                    "deposed": [],
                    "provider": "provider.aws"
                },
                "aws_iam_role.tfer--AWSServiceRoleForEc2InstanceConnect": {
                    "type": "aws_iam_role",
                    "depends_on": [],
                    "primary": {
                        "id": "AWSServiceRoleForEc2InstanceConnect",
                        "attributes": {
                            "arn": "arn:aws:iam::381491878469:role/aws-service-role/ec2-instance-connect.amazonaws.com/AWSServiceRoleForEc2InstanceConnect",
                            "assume_role_policy": "{\"Statement\":[{\"Action\":\"sts:AssumeRole\",\"Effect\":\"Allow\",\"Principal\":{\"Service\":\"ec2-instance-connect.amazonaws.com\"}}],\"Version\":\"2012-10-17\"}",
                            "create_date": "2024-09-16T07:18:26Z",
                            "description": "The Service Linked Role used by EC2 Instance Connect Endpoint.",
                            "id": "AWSServiceRoleForEc2InstanceConnect",
                            "managed_policy_arns.#": "1",
                            "managed_policy_arns.0": "arn:aws:iam::aws:policy/aws-service-role/Ec2InstanceConnectEndpoint",
                            "max_session_duration": "3600",
                            "name": "AWSServiceRoleForEc2InstanceConnect",
                            "name_prefix": "",
                            "path": "/aws-service-role/ec2-instance-connect.amazonaws.com/",
                            "permissions_boundary": "",
                            "tags.%": "0",
                            "tags_all.%": "0",
                            "unique_id": "AROAVRUVQDJCRQWRZTPCR"
                        },
                        "meta": {
                            "schema_version": 0
                        },
                        "tainted": false
                    },
                    "deposed": [],
                    "provider": "provider.aws"
                },
                "aws_iam_role.tfer--AWSServiceRoleForElastiCache": {
                    "type": "aws_iam_role",
                    "depends_on": [],
                    "primary": {
                        "id": "AWSServiceRoleForElastiCache",
                        "attributes": {
                            "arn": "arn:aws:iam::381491878469:role/aws-service-role/elasticache.amazonaws.com/AWSServiceRoleForElastiCache",
                            "assume_role_policy": "{\"Statement\":[{\"Action\":\"sts:AssumeRole\",\"Effect\":\"Allow\",\"Principal\":{\"Service\":\"elasticache.amazonaws.com\"}}],\"Version\":\"2012-10-17\"}",
                            "create_date": "2024-10-04T15:25:58Z",
                            "description": "This policy allows ElastiCache to manage AWS resources on your behalf as necessary for managing your cache.",
                            "id": "AWSServiceRoleForElastiCache",
                            "managed_policy_arns.#": "1",
                            "managed_policy_arns.0": "arn:aws:iam::aws:policy/aws-service-role/ElastiCacheServiceRolePolicy",
                            "max_session_duration": "3600",
                            "name": "AWSServiceRoleForElastiCache",
                            "name_prefix": "",
                            "path": "/aws-service-role/elasticache.amazonaws.com/",
                            "permissions_boundary": "",
                            "tags.%": "0",
                            "tags_all.%": "0",
                            "unique_id": "AROAVRUVQDJC4DPDLHGE7"
                        },
                        "meta": {
                            "schema_version": 0
                        },
                        "tainted": false
                    },
                    "deposed": [],
                    "provider": "provider.aws"
                },
                "aws_iam_role.tfer--AWSServiceRoleForElasticLoadBalancing": {
                    "type": "aws_iam_role",
                    "depends_on": [],
                    "primary": {
                        "id": "AWSServiceRoleForElasticLoadBalancing",
                        "attributes": {
                            "arn": "arn:aws:iam::381491878469:role/aws-service-role/elasticloadbalancing.amazonaws.com/AWSServiceRoleForElasticLoadBalancing",
                            "assume_role_policy": "{\"Statement\":[{\"Action\":\"sts:AssumeRole\",\"Effect\":\"Allow\",\"Principal\":{\"Service\":\"elasticloadbalancing.amazonaws.com\"}}],\"Version\":\"2012-10-17\"}",
                            "create_date": "2024-08-25T02:10:01Z",
                            "description": "Allows ELB to call AWS services on your behalf.",
                            "id": "AWSServiceRoleForElasticLoadBalancing",
                            "managed_policy_arns.#": "1",
                            "managed_policy_arns.0": "arn:aws:iam::aws:policy/aws-service-role/AWSElasticLoadBalancingServiceRolePolicy",
                            "max_session_duration": "3600",
                            "name": "AWSServiceRoleForElasticLoadBalancing",
                            "name_prefix": "",
                            "path": "/aws-service-role/elasticloadbalancing.amazonaws.com/",
                            "permissions_boundary": "",
                            "tags.%": "0",
                            "tags_all.%": "0",
                            "unique_id": "AROAVRUVQDJCQQZNREYDT"
                        },
                        "meta": {
                            "schema_version": 0
                        },
                        "tainted": false
                    },
                    "deposed": [],
                    "provider": "provider.aws"
                },
                "aws_iam_role.tfer--AWSServiceRoleForGlobalAccelerator": {
                    "type": "aws_iam_role",
                    "depends_on": [],
                    "primary": {
                        "id": "AWSServiceRoleForGlobalAccelerator",
                        "attributes": {
                            "arn": "arn:aws:iam::381491878469:role/aws-service-role/globalaccelerator.amazonaws.com/AWSServiceRoleForGlobalAccelerator",
                            "assume_role_policy": "{\"Statement\":[{\"Action\":\"sts:AssumeRole\",\"Effect\":\"Allow\",\"Principal\":{\"Service\":\"globalaccelerator.amazonaws.com\"}}],\"Version\":\"2012-10-17\"}",
                            "create_date": "2024-09-09T16:59:12Z",
                            "description": "Allows Global Accelerator to call AWS services on customer's behalf",
                            "id": "AWSServiceRoleForGlobalAccelerator",
                            "managed_policy_arns.#": "1",
                            "managed_policy_arns.0": "arn:aws:iam::aws:policy/aws-service-role/AWSGlobalAcceleratorSLRPolicy",
                            "max_session_duration": "3600",
                            "name": "AWSServiceRoleForGlobalAccelerator",
                            "name_prefix": "",
                            "path": "/aws-service-role/globalaccelerator.amazonaws.com/",
                            "permissions_boundary": "",
                            "tags.%": "0",
                            "tags_all.%": "0",
                            "unique_id": "AROAVRUVQDJC4NLYWH7M6"
                        },
                        "meta": {
                            "schema_version": 0
                        },
                        "tainted": false
                    },
                    "deposed": [],
                    "provider": "provider.aws"
                },
                "aws_iam_role.tfer--AWSServiceRoleForRDS": {
                    "type": "aws_iam_role",
                    "depends_on": [],
                    "primary": {
                        "id": "AWSServiceRoleForRDS",
                        "attributes": {
                            "arn": "arn:aws:iam::381491878469:role/aws-service-role/rds.amazonaws.com/AWSServiceRoleForRDS",
                            "assume_role_policy": "{\"Statement\":[{\"Action\":\"sts:AssumeRole\",\"Effect\":\"Allow\",\"Principal\":{\"Service\":\"rds.amazonaws.com\"}}],\"Version\":\"2012-10-17\"}",
                            "create_date": "2024-09-21T11:09:17Z",
                            "description": "Allows Amazon RDS to manage AWS resources on your behalf",
                            "id": "AWSServiceRoleForRDS",
                            "managed_policy_arns.#": "1",
                            "managed_policy_arns.0": "arn:aws:iam::aws:policy/aws-service-role/AmazonRDSServiceRolePolicy",
                            "max_session_duration": "3600",
                            "name": "AWSServiceRoleForRDS",
                            "name_prefix": "",
                            "path": "/aws-service-role/rds.amazonaws.com/",
                            "permissions_boundary": "",
                            "tags.%": "0",
                            "tags_all.%": "0",
                            "unique_id": "AROAVRUVQDJCVXKKYQFRX"
                        },
                        "meta": {
                            "schema_version": 0
                        },
                        "tainted": false
                    },
                    "deposed": [],
                    "provider": "provider.aws"
                },
                "aws_iam_role.tfer--AWSServiceRoleForSupport": {
                    "type": "aws_iam_role",
                    "depends_on": [],
                    "primary": {
                        "id": "AWSServiceRoleForSupport",
                        "attributes": {
                            "arn": "arn:aws:iam::381491878469:role/aws-service-role/support.amazonaws.com/AWSServiceRoleForSupport",
                            "assume_role_policy": "{\"Statement\":[{\"Action\":\"sts:AssumeRole\",\"Effect\":\"Allow\",\"Principal\":{\"Service\":\"support.amazonaws.com\"}}],\"Version\":\"2012-10-17\"}",
                            "create_date": "2024-07-14T04:44:24Z",
                            "description": "Enables resource access for AWS to provide billing, administrative and support services",
                            "id": "AWSServiceRoleForSupport",
                            "managed_policy_arns.#": "1",
                            "managed_policy_arns.0": "arn:aws:iam::aws:policy/aws-service-role/AWSSupportServiceRolePolicy",
                            "max_session_duration": "3600",
                            "name": "AWSServiceRoleForSupport",
                            "name_prefix": "",
                            "path": "/aws-service-role/support.amazonaws.com/",
                            "permissions_boundary": "",
                            "tags.%": "0",
                            "tags_all.%": "0",
                            "unique_id": "AROAVRUVQDJCURWGE2EET"
                        },
                        "meta": {
                            "schema_version": 0
                        },
                        "tainted": false
                    },
                    "deposed": [],
                    "provider": "provider.aws"
                },
                "aws_iam_role.tfer--AWSServiceRoleForTrustedAdvisor": {
                    "type": "aws_iam_role",
                    "depends_on": [],
                    "primary": {
                        "id": "AWSServiceRoleForTrustedAdvisor",
                        "attributes": {
                            "arn": "arn:aws:iam::381491878469:role/aws-service-role/trustedadvisor.amazonaws.com/AWSServiceRoleForTrustedAdvisor",
                            "assume_role_policy": "{\"Statement\":[{\"Action\":\"sts:AssumeRole\",\"Effect\":\"Allow\",\"Principal\":{\"Service\":\"trustedadvisor.amazonaws.com\"}}],\"Version\":\"2012-10-17\"}",
                            "create_date": "2024-07-14T04:44:24Z",
                            "description": "Access for the AWS Trusted Advisor Service to help reduce cost, increase performance, and improve security of your AWS environment.",
                            "id": "AWSServiceRoleForTrustedAdvisor",
                            "managed_policy_arns.#": "1",
                            "managed_policy_arns.0": "arn:aws:iam::aws:policy/aws-service-role/AWSTrustedAdvisorServiceRolePolicy",
                            "max_session_duration": "3600",
                            "name": "AWSServiceRoleForTrustedAdvisor",
                            "name_prefix": "",
                            "path": "/aws-service-role/trustedadvisor.amazonaws.com/",
                            "permissions_boundary": "",
                            "tags.%": "0",
                            "tags_all.%": "0",
                            "unique_id": "AROAVRUVQDJCZ27XFD6AZ"
                        },
                        "meta": {
                            "schema_version": 0
                        },
                        "tainted": false
                    },
                    "deposed": [],
                    "provider": "provider.aws"
                },
                "aws_iam_role.tfer--backend_pipeline_assume_role": {
                    "type": "aws_iam_role",
                    "depends_on": [],
                    "primary": {
                        "id": "backend_pipeline_assume_role",
                        "attributes": {
                            "arn": "arn:aws:iam::381491878469:role/backend_pipeline_assume_role",
                            "assume_role_policy": "{\"Statement\":[{\"Action\":[\"sts:AssumeRole\",\"sts:TagSession\"],\"Effect\":\"Allow\",\"Principal\":{\"AWS\":\"arn:aws:iam::381491878469:user/backend_user\"},\"Sid\":\"Statement1\"}],\"Version\":\"2012-10-17\"}",
                            "create_date": "2024-10-26T03:23:24Z",
                            "description": "Used for EventSpark backend CI/CD Pipeline",
                            "id": "backend_pipeline_assume_role",
                            "inline_policy.#": "1",
                            "inline_policy.0.name": "backend_pipeline",
                            "inline_policy.0.policy": "{\"Version\":\"2012-10-17\",\"Statement\":[{\"Action\":[\"rds:DescribeDBInstances\",\"sts:AssumeRole\"],\"Effect\":\"Allow\",\"Resource\":\"*\"}]}",
                            "managed_policy_arns.#": "0",
                            "max_session_duration": "28800",
                            "name": "backend_pipeline_assume_role",
                            "name_prefix": "",
                            "path": "/",
                            "permissions_boundary": "",
                            "tags.%": "0",
                            "tags_all.%": "0",
                            "unique_id": "AROAVRUVQDJCS7JIQLKJM"
                        },
                        "meta": {
                            "schema_version": 0
                        },
                        "tainted": false
                    },
                    "deposed": [],
                    "provider": "provider.aws"
                },
                "aws_iam_role.tfer--ecr_ecs_assume_role": {
                    "type": "aws_iam_role",
                    "depends_on": [],
                    "primary": {
                        "id": "ecr_ecs_assume_role",
                        "attributes": {
                            "arn": "arn:aws:iam::381491878469:role/ecr_ecs_assume_role",
                            "assume_role_policy": "{\"Statement\":[{\"Action\":[\"sts:AssumeRole\",\"sts:TagSession\"],\"Effect\":\"Allow\",\"Principal\":{\"AWS\":[\"arn:aws:iam::381491878469:user/backend_user\",\"arn:aws:iam::381491878469:user/ses_user\",\"arn:aws:iam::381491878469:user/ecr_ecs_user\"]},\"Sid\":\"Statement1\"}],\"Version\":\"2012-10-17\"}",
                            "create_date": "2024-08-25T09:16:05Z",
                            "description": "Role used to access ECR and ECS",
                            "id": "ecr_ecs_assume_role",
                            "inline_policy.#": "3",
                            "inline_policy.0.name": "DockerPipeline",
                            "inline_policy.0.policy": "{\"Version\":\"2012-10-17\",\"Statement\":[{\"Action\":[\"ecr-public:BatchCheckLayerAvailability\",\"ecr-public:CompleteLayerUpload\",\"ecr-public:InitiateLayerUpload\",\"ecr-public:PutImage\",\"ecr-public:UploadLayerPart\"],\"Effect\":\"Allow\",\"Resource\":\"*\",\"Sid\":\"AllowDockerPush\"},{\"Action\":[\"ecr-public:GetAuthorizationToken\",\"sts:GetServiceBearerToken\",\"sts:TagSession\"],\"Effect\":\"Allow\",\"Resource\":\"*\",\"Sid\":\"PublicECRLogin\"},{\"Action\":[\"ecs:*\",\"ec2:*\"],\"Effect\":\"Allow\",\"Resource\":\"*\",\"Sid\":\"ECSDeploy\"}]}",
                            "inline_policy.1.name": "GithubActionsPassRole",
                            "inline_policy.1.policy": "{\"Version\":\"2012-10-17\",\"Statement\":[{\"Action\":\"iam:PassRole\",\"Condition\":{\"StringLike\":{\"iam:PassedToService\":\"ecs-tasks.amazonaws.com\"}},\"Effect\":\"Allow\",\"Resource\":\"*\",\"Sid\":\"PassRole\"}]}",
                            "inline_policy.2.name": "logs",
                            "inline_policy.2.policy": "{\"Version\":\"2012-10-17\",\"Statement\":[{\"Action\":\"logs:*\",\"Effect\":\"Allow\",\"Resource\":\"*\",\"Sid\":\"VisualEditor0\"}]}",
                            "managed_policy_arns.#": "1",
                            "managed_policy_arns.0": "arn:aws:iam::aws:policy/AmazonEC2ContainerRegistryFullAccess",
                            "max_session_duration": "28800",
                            "name": "ecr_ecs_assume_role",
                            "name_prefix": "",
                            "path": "/",
                            "permissions_boundary": "",
                            "tags.%": "0",
                            "tags_all.%": "0",
                            "unique_id": "AROAVRUVQDJCR5I5IDCN2"
                        },
                        "meta": {
                            "schema_version": 0
                        },
                        "tainted": false
                    },
                    "deposed": [],
                    "provider": "provider.aws"
                },
                "aws_iam_role.tfer--ecsInstanceRole": {
                    "type": "aws_iam_role",
                    "depends_on": [],
                    "primary": {
                        "id": "ecsInstanceRole",
                        "attributes": {
                            "arn": "arn:aws:iam::381491878469:role/ecsInstanceRole",
                            "assume_role_policy": "{\"Statement\":[{\"Action\":\"sts:AssumeRole\",\"Effect\":\"Allow\",\"Principal\":{\"Service\":\"ec2.amazonaws.com\"},\"Sid\":\"\"}],\"Version\":\"2008-10-17\"}",
                            "create_date": "2024-10-05T06:39:02Z",
                            "description": "",
                            "id": "ecsInstanceRole",
                            "managed_policy_arns.#": "1",
                            "managed_policy_arns.0": "arn:aws:iam::aws:policy/service-role/AmazonEC2ContainerServiceforEC2Role",
                            "max_session_duration": "3600",
                            "name": "ecsInstanceRole",
                            "name_prefix": "",
                            "path": "/",
                            "permissions_boundary": "",
                            "tags.%": "0",
                            "tags_all.%": "0",
                            "unique_id": "AROAVRUVQDJC7M4SCIL4M"
                        },
                        "meta": {
                            "schema_version": 0
                        },
                        "tainted": false
                    },
                    "deposed": [],
                    "provider": "provider.aws"
                },
                "aws_iam_role.tfer--ecsTaskExecutionRole": {
                    "type": "aws_iam_role",
                    "depends_on": [],
                    "primary": {
                        "id": "ecsTaskExecutionRole",
                        "attributes": {
                            "arn": "arn:aws:iam::381491878469:role/ecsTaskExecutionRole",
                            "assume_role_policy": "{\"Statement\":[{\"Action\":\"sts:AssumeRole\",\"Effect\":\"Allow\",\"Principal\":{\"Service\":\"ecs-tasks.amazonaws.com\"},\"Sid\":\"\"}],\"Version\":\"2008-10-17\"}",
                            "create_date": "2024-08-25T01:44:28Z",
                            "description": "",
                            "id": "ecsTaskExecutionRole",
                            "managed_policy_arns.#": "1",
                            "managed_policy_arns.0": "arn:aws:iam::aws:policy/service-role/AmazonECSTaskExecutionRolePolicy",
                            "max_session_duration": "3600",
                            "name": "ecsTaskExecutionRole",
                            "name_prefix": "",
                            "path": "/",
                            "permissions_boundary": "",
                            "tags.%": "0",
                            "tags_all.%": "0",
                            "unique_id": "AROAVRUVQDJCRFUOM2MAD"
                        },
                        "meta": {
                            "schema_version": 0
                        },
                        "tainted": false
                    },
                    "deposed": [],
                    "provider": "provider.aws"
                },
                "aws_iam_role.tfer--eventspark-microservice-stg-ap-southeast-1-lambdaRole": {
                    "type": "aws_iam_role",
                    "depends_on": [],
                    "primary": {
                        "id": "eventspark-microservice-stg-ap-southeast-1-lambdaRole",
                        "attributes": {
                            "arn": "arn:aws:iam::381491878469:role/eventspark-microservice-stg-ap-southeast-1-lambdaRole",
                            "assume_role_policy": "{\"Statement\":[{\"Action\":\"sts:AssumeRole\",\"Effect\":\"Allow\",\"Principal\":{\"Service\":\"lambda.amazonaws.com\"}}],\"Version\":\"2012-10-17\"}",
                            "create_date": "2024-10-29T16:39:21Z",
                            "description": "",
                            "id": "eventspark-microservice-stg-ap-southeast-1-lambdaRole",
                            "inline_policy.#": "1",
                            "inline_policy.0.name": "eventspark-microservice-stg-lambda",
                            "inline_policy.0.policy": "{\"Version\":\"2012-10-17\",\"Statement\":[{\"Action\":[\"logs:CreateLogStream\",\"logs:CreateLogGroup\",\"logs:TagResource\"],\"Effect\":\"Allow\",\"Resource\":[\"arn:aws:logs:ap-southeast-1:381491878469:log-group:/aws/lambda/eventspark-microservice-stg*:*\"]},{\"Action\":[\"logs:PutLogEvents\"],\"Effect\":\"Allow\",\"Resource\":[\"arn:aws:logs:ap-southeast-1:381491878469:log-group:/aws/lambda/eventspark-microservice-stg*:*:*\"]}]}",
                            "managed_policy_arns.#": "1",
                            "managed_policy_arns.0": "arn:aws:iam::aws:policy/service-role/AWSLambdaVPCAccessExecutionRole",
                            "max_session_duration": "3600",
                            "name": "eventspark-microservice-stg-ap-southeast-1-lambdaRole",
                            "name_prefix": "",
                            "path": "/",
                            "permissions_boundary": "",
                            "tags.%": "1",
                            "tags.STAGE": "stg",
                            "tags_all.%": "1",
                            "tags_all.STAGE": "stg",
                            "unique_id": "AROAVRUVQDJCYRSF5R3OF"
                        },
                        "meta": {
                            "schema_version": 0
                        },
                        "tainted": false
                    },
                    "deposed": [],
                    "provider": "provider.aws"
                },
                "aws_iam_role.tfer--rds-monitoring-role": {
                    "type": "aws_iam_role",
                    "depends_on": [],
                    "primary": {
                        "id": "rds-monitoring-role",
                        "attributes": {
                            "arn": "arn:aws:iam::381491878469:role/rds-monitoring-role",
                            "assume_role_policy": "{\"Statement\":[{\"Action\":\"sts:AssumeRole\",\"Effect\":\"Allow\",\"Principal\":{\"Service\":\"monitoring.rds.amazonaws.com\"},\"Sid\":\"\"}],\"Version\":\"2012-10-17\"}",
                            "create_date": "2024-09-21T11:09:14Z",
                            "description": "",
                            "id": "rds-monitoring-role",
                            "managed_policy_arns.#": "1",
                            "managed_policy_arns.0": "arn:aws:iam::aws:policy/service-role/AmazonRDSEnhancedMonitoringRole",
                            "max_session_duration": "3600",
                            "name": "rds-monitoring-role",
                            "name_prefix": "",
                            "path": "/",
                            "permissions_boundary": "",
                            "tags.%": "0",
                            "tags_all.%": "0",
                            "unique_id": "AROAVRUVQDJCS5IBKSQRG"
                        },
                        "meta": {
                            "schema_version": 0
                        },
                        "tainted": false
                    },
                    "deposed": [],
                    "provider": "provider.aws"
                },
                "aws_iam_role_policy.tfer--backend_pipeline_assume_role_backend_pipeline": {
                    "type": "aws_iam_role_policy",
                    "depends_on": [],
                    "primary": {
                        "id": "backend_pipeline_assume_role:backend_pipeline",
                        "attributes": {
                            "id": "backend_pipeline_assume_role:backend_pipeline",
                            "name": "backend_pipeline",
                            "name_prefix": "",
                            "policy": "{\"Version\":\"2012-10-17\",\"Statement\":[{\"Action\":[\"rds:DescribeDBInstances\",\"sts:AssumeRole\"],\"Effect\":\"Allow\",\"Resource\":\"*\"}]}",
                            "role": "backend_pipeline_assume_role"
                        },
                        "meta": {
                            "schema_version": 0
                        },
                        "tainted": false
                    },
                    "deposed": [],
                    "provider": "provider.aws"
                },
                "aws_iam_role_policy.tfer--ecr_ecs_assume_role_DockerPipeline": {
                    "type": "aws_iam_role_policy",
                    "depends_on": [],
                    "primary": {
                        "id": "ecr_ecs_assume_role:DockerPipeline",
                        "attributes": {
                            "id": "ecr_ecs_assume_role:DockerPipeline",
                            "name": "DockerPipeline",
                            "name_prefix": "",
                            "policy": "{\"Version\":\"2012-10-17\",\"Statement\":[{\"Action\":[\"ecr-public:BatchCheckLayerAvailability\",\"ecr-public:CompleteLayerUpload\",\"ecr-public:InitiateLayerUpload\",\"ecr-public:PutImage\",\"ecr-public:UploadLayerPart\"],\"Effect\":\"Allow\",\"Resource\":\"*\",\"Sid\":\"AllowDockerPush\"},{\"Action\":[\"ecr-public:GetAuthorizationToken\",\"sts:GetServiceBearerToken\",\"sts:TagSession\"],\"Effect\":\"Allow\",\"Resource\":\"*\",\"Sid\":\"PublicECRLogin\"},{\"Action\":[\"ecs:*\",\"ec2:*\"],\"Effect\":\"Allow\",\"Resource\":\"*\",\"Sid\":\"ECSDeploy\"}]}",
                            "role": "ecr_ecs_assume_role"
                        },
                        "meta": {
                            "schema_version": 0
                        },
                        "tainted": false
                    },
                    "deposed": [],
                    "provider": "provider.aws"
                },
                "aws_iam_role_policy.tfer--ecr_ecs_assume_role_GithubActionsPassRole": {
                    "type": "aws_iam_role_policy",
                    "depends_on": [],
                    "primary": {
                        "id": "ecr_ecs_assume_role:GithubActionsPassRole",
                        "attributes": {
                            "id": "ecr_ecs_assume_role:GithubActionsPassRole",
                            "name": "GithubActionsPassRole",
                            "name_prefix": "",
                            "policy": "{\"Version\":\"2012-10-17\",\"Statement\":[{\"Action\":\"iam:PassRole\",\"Condition\":{\"StringLike\":{\"iam:PassedToService\":\"ecs-tasks.amazonaws.com\"}},\"Effect\":\"Allow\",\"Resource\":\"*\",\"Sid\":\"PassRole\"}]}",
                            "role": "ecr_ecs_assume_role"
                        },
                        "meta": {
                            "schema_version": 0
                        },
                        "tainted": false
                    },
                    "deposed": [],
                    "provider": "provider.aws"
                },
                "aws_iam_role_policy.tfer--ecr_ecs_assume_role_logs": {
                    "type": "aws_iam_role_policy",
                    "depends_on": [],
                    "primary": {
                        "id": "ecr_ecs_assume_role:logs",
                        "attributes": {
                            "id": "ecr_ecs_assume_role:logs",
                            "name": "logs",
                            "name_prefix": "",
                            "policy": "{\"Version\":\"2012-10-17\",\"Statement\":[{\"Action\":\"logs:*\",\"Effect\":\"Allow\",\"Resource\":\"*\",\"Sid\":\"VisualEditor0\"}]}",
                            "role": "ecr_ecs_assume_role"
                        },
                        "meta": {
                            "schema_version": 0
                        },
                        "tainted": false
                    },
                    "deposed": [],
                    "provider": "provider.aws"
                },
                "aws_iam_role_policy.tfer--eventspark-microservice-stg-ap-southeast-1-lambdaRole_eventspark-microservice-stg-lambda": {
                    "type": "aws_iam_role_policy",
                    "depends_on": [],
                    "primary": {
                        "id": "eventspark-microservice-stg-ap-southeast-1-lambdaRole:eventspark-microservice-stg-lambda",
                        "attributes": {
                            "id": "eventspark-microservice-stg-ap-southeast-1-lambdaRole:eventspark-microservice-stg-lambda",
                            "name": "eventspark-microservice-stg-lambda",
                            "name_prefix": "",
                            "policy": "{\"Version\":\"2012-10-17\",\"Statement\":[{\"Action\":[\"logs:CreateLogStream\",\"logs:CreateLogGroup\",\"logs:TagResource\"],\"Effect\":\"Allow\",\"Resource\":[\"arn:aws:logs:ap-southeast-1:381491878469:log-group:/aws/lambda/eventspark-microservice-stg*:*\"]},{\"Action\":[\"logs:PutLogEvents\"],\"Effect\":\"Allow\",\"Resource\":[\"arn:aws:logs:ap-southeast-1:381491878469:log-group:/aws/lambda/eventspark-microservice-stg*:*:*\"]}]}",
                            "role": "eventspark-microservice-stg-ap-southeast-1-lambdaRole"
                        },
                        "meta": {
                            "schema_version": 0
                        },
                        "tainted": false
                    },
                    "deposed": [],
                    "provider": "provider.aws"
                },
                "aws_iam_role_policy_attachment.tfer--AWSServiceRoleForAPIGateway_APIGatewayServiceRolePolicy": {
                    "type": "aws_iam_role_policy_attachment",
                    "depends_on": [],
                    "primary": {
                        "id": "AWSServiceRoleForAPIGateway/arn:aws:iam::aws:policy/aws-service-role/APIGatewayServiceRolePolicy",
                        "attributes": {
                            "id": "AWSServiceRoleForAPIGateway/arn:aws:iam::aws:policy/aws-service-role/APIGatewayServiceRolePolicy",
                            "policy_arn": "arn:aws:iam::aws:policy/aws-service-role/APIGatewayServiceRolePolicy",
                            "role": "AWSServiceRoleForAPIGateway"
                        },
                        "meta": {
                            "schema_version": 0
                        },
                        "tainted": false
                    },
                    "deposed": [],
                    "provider": "provider.aws"
                },
                "aws_iam_role_policy_attachment.tfer--AWSServiceRoleForApplicationAutoScaling_ECSService_AWSApplicationAutoscalingECSServicePolicy": {
                    "type": "aws_iam_role_policy_attachment",
                    "depends_on": [],
                    "primary": {
                        "id": "AWSServiceRoleForApplicationAutoScaling_ECSService/arn:aws:iam::aws:policy/aws-service-role/AWSApplicationAutoscalingECSServicePolicy",
                        "attributes": {
                            "id": "AWSServiceRoleForApplicationAutoScaling_ECSService/arn:aws:iam::aws:policy/aws-service-role/AWSApplicationAutoscalingECSServicePolicy",
                            "policy_arn": "arn:aws:iam::aws:policy/aws-service-role/AWSApplicationAutoscalingECSServicePolicy",
                            "role": "AWSServiceRoleForApplicationAutoScaling_ECSService"
                        },
                        "meta": {
                            "schema_version": 0
                        },
                        "tainted": false
                    },
                    "deposed": [],
                    "provider": "provider.aws"
                },
                "aws_iam_role_policy_attachment.tfer--AWSServiceRoleForAutoScaling_AutoScalingServiceRolePolicy": {
                    "type": "aws_iam_role_policy_attachment",
                    "depends_on": [],
                    "primary": {
                        "id": "AWSServiceRoleForAutoScaling/arn:aws:iam::aws:policy/aws-service-role/AutoScalingServiceRolePolicy",
                        "attributes": {
                            "id": "AWSServiceRoleForAutoScaling/arn:aws:iam::aws:policy/aws-service-role/AutoScalingServiceRolePolicy",
                            "policy_arn": "arn:aws:iam::aws:policy/aws-service-role/AutoScalingServiceRolePolicy",
                            "role": "AWSServiceRoleForAutoScaling"
                        },
                        "meta": {
                            "schema_version": 0
                        },
                        "tainted": false
                    },
                    "deposed": [],
                    "provider": "provider.aws"
                },
                "aws_iam_role_policy_attachment.tfer--AWSServiceRoleForECS_AmazonECSServiceRolePolicy": {
                    "type": "aws_iam_role_policy_attachment",
                    "depends_on": [],
                    "primary": {
                        "id": "AWSServiceRoleForECS/arn:aws:iam::aws:policy/aws-service-role/AmazonECSServiceRolePolicy",
                        "attributes": {
                            "id": "AWSServiceRoleForECS/arn:aws:iam::aws:policy/aws-service-role/AmazonECSServiceRolePolicy",
                            "policy_arn": "arn:aws:iam::aws:policy/aws-service-role/AmazonECSServiceRolePolicy",
                            "role": "AWSServiceRoleForECS"
                        },
                        "meta": {
                            "schema_version": 0
                        },
                        "tainted": false
                    },
                    "deposed": [],
                    "provider": "provider.aws"
                },
                "aws_iam_role_policy_attachment.tfer--AWSServiceRoleForEc2InstanceConnect_Ec2InstanceConnectEndpoint": {
                    "type": "aws_iam_role_policy_attachment",
                    "depends_on": [],
                    "primary": {
                        "id": "AWSServiceRoleForEc2InstanceConnect/arn:aws:iam::aws:policy/aws-service-role/Ec2InstanceConnectEndpoint",
                        "attributes": {
                            "id": "AWSServiceRoleForEc2InstanceConnect/arn:aws:iam::aws:policy/aws-service-role/Ec2InstanceConnectEndpoint",
                            "policy_arn": "arn:aws:iam::aws:policy/aws-service-role/Ec2InstanceConnectEndpoint",
                            "role": "AWSServiceRoleForEc2InstanceConnect"
                        },
                        "meta": {
                            "schema_version": 0
                        },
                        "tainted": false
                    },
                    "deposed": [],
                    "provider": "provider.aws"
                },
                "aws_iam_role_policy_attachment.tfer--AWSServiceRoleForElastiCache_ElastiCacheServiceRolePolicy": {
                    "type": "aws_iam_role_policy_attachment",
                    "depends_on": [],
                    "primary": {
                        "id": "AWSServiceRoleForElastiCache/arn:aws:iam::aws:policy/aws-service-role/ElastiCacheServiceRolePolicy",
                        "attributes": {
                            "id": "AWSServiceRoleForElastiCache/arn:aws:iam::aws:policy/aws-service-role/ElastiCacheServiceRolePolicy",
                            "policy_arn": "arn:aws:iam::aws:policy/aws-service-role/ElastiCacheServiceRolePolicy",
                            "role": "AWSServiceRoleForElastiCache"
                        },
                        "meta": {
                            "schema_version": 0
                        },
                        "tainted": false
                    },
                    "deposed": [],
                    "provider": "provider.aws"
                },
                "aws_iam_role_policy_attachment.tfer--AWSServiceRoleForElasticLoadBalancing_AWSElasticLoadBalancingServiceRolePolicy": {
                    "type": "aws_iam_role_policy_attachment",
                    "depends_on": [],
                    "primary": {
                        "id": "AWSServiceRoleForElasticLoadBalancing/arn:aws:iam::aws:policy/aws-service-role/AWSElasticLoadBalancingServiceRolePolicy",
                        "attributes": {
                            "id": "AWSServiceRoleForElasticLoadBalancing/arn:aws:iam::aws:policy/aws-service-role/AWSElasticLoadBalancingServiceRolePolicy",
                            "policy_arn": "arn:aws:iam::aws:policy/aws-service-role/AWSElasticLoadBalancingServiceRolePolicy",
                            "role": "AWSServiceRoleForElasticLoadBalancing"
                        },
                        "meta": {
                            "schema_version": 0
                        },
                        "tainted": false
                    },
                    "deposed": [],
                    "provider": "provider.aws"
                },
                "aws_iam_role_policy_attachment.tfer--AWSServiceRoleForGlobalAccelerator_AWSGlobalAcceleratorSLRPolicy": {
                    "type": "aws_iam_role_policy_attachment",
                    "depends_on": [],
                    "primary": {
                        "id": "AWSServiceRoleForGlobalAccelerator/arn:aws:iam::aws:policy/aws-service-role/AWSGlobalAcceleratorSLRPolicy",
                        "attributes": {
                            "id": "AWSServiceRoleForGlobalAccelerator/arn:aws:iam::aws:policy/aws-service-role/AWSGlobalAcceleratorSLRPolicy",
                            "policy_arn": "arn:aws:iam::aws:policy/aws-service-role/AWSGlobalAcceleratorSLRPolicy",
                            "role": "AWSServiceRoleForGlobalAccelerator"
                        },
                        "meta": {
                            "schema_version": 0
                        },
                        "tainted": false
                    },
                    "deposed": [],
                    "provider": "provider.aws"
                },
                "aws_iam_role_policy_attachment.tfer--AWSServiceRoleForRDS_AmazonRDSServiceRolePolicy": {
                    "type": "aws_iam_role_policy_attachment",
                    "depends_on": [],
                    "primary": {
                        "id": "AWSServiceRoleForRDS/arn:aws:iam::aws:policy/aws-service-role/AmazonRDSServiceRolePolicy",
                        "attributes": {
                            "id": "AWSServiceRoleForRDS/arn:aws:iam::aws:policy/aws-service-role/AmazonRDSServiceRolePolicy",
                            "policy_arn": "arn:aws:iam::aws:policy/aws-service-role/AmazonRDSServiceRolePolicy",
                            "role": "AWSServiceRoleForRDS"
                        },
                        "meta": {
                            "schema_version": 0
                        },
                        "tainted": false
                    },
                    "deposed": [],
                    "provider": "provider.aws"
                },
                "aws_iam_role_policy_attachment.tfer--AWSServiceRoleForSupport_AWSSupportServiceRolePolicy": {
                    "type": "aws_iam_role_policy_attachment",
                    "depends_on": [],
                    "primary": {
                        "id": "AWSServiceRoleForSupport/arn:aws:iam::aws:policy/aws-service-role/AWSSupportServiceRolePolicy",
                        "attributes": {
                            "id": "AWSServiceRoleForSupport/arn:aws:iam::aws:policy/aws-service-role/AWSSupportServiceRolePolicy",
                            "policy_arn": "arn:aws:iam::aws:policy/aws-service-role/AWSSupportServiceRolePolicy",
                            "role": "AWSServiceRoleForSupport"
                        },
                        "meta": {
                            "schema_version": 0
                        },
                        "tainted": false
                    },
                    "deposed": [],
                    "provider": "provider.aws"
                },
                "aws_iam_role_policy_attachment.tfer--AWSServiceRoleForTrustedAdvisor_AWSTrustedAdvisorServiceRolePolicy": {
                    "type": "aws_iam_role_policy_attachment",
                    "depends_on": [],
                    "primary": {
                        "id": "AWSServiceRoleForTrustedAdvisor/arn:aws:iam::aws:policy/aws-service-role/AWSTrustedAdvisorServiceRolePolicy",
                        "attributes": {
                            "id": "AWSServiceRoleForTrustedAdvisor/arn:aws:iam::aws:policy/aws-service-role/AWSTrustedAdvisorServiceRolePolicy",
                            "policy_arn": "arn:aws:iam::aws:policy/aws-service-role/AWSTrustedAdvisorServiceRolePolicy",
                            "role": "AWSServiceRoleForTrustedAdvisor"
                        },
                        "meta": {
                            "schema_version": 0
                        },
                        "tainted": false
                    },
                    "deposed": [],
                    "provider": "provider.aws"
                },
                "aws_iam_role_policy_attachment.tfer--ecr_ecs_assume_role_AmazonEC2ContainerRegistryFullAccess": {
                    "type": "aws_iam_role_policy_attachment",
                    "depends_on": [],
                    "primary": {
                        "id": "ecr_ecs_assume_role/arn:aws:iam::aws:policy/AmazonEC2ContainerRegistryFullAccess",
                        "attributes": {
                            "id": "ecr_ecs_assume_role/arn:aws:iam::aws:policy/AmazonEC2ContainerRegistryFullAccess",
                            "policy_arn": "arn:aws:iam::aws:policy/AmazonEC2ContainerRegistryFullAccess",
                            "role": "ecr_ecs_assume_role"
                        },
                        "meta": {
                            "schema_version": 0
                        },
                        "tainted": false
                    },
                    "deposed": [],
                    "provider": "provider.aws"
                },
                "aws_iam_role_policy_attachment.tfer--ecsInstanceRole_AmazonEC2ContainerServiceforEC2Role": {
                    "type": "aws_iam_role_policy_attachment",
                    "depends_on": [],
                    "primary": {
                        "id": "ecsInstanceRole/arn:aws:iam::aws:policy/service-role/AmazonEC2ContainerServiceforEC2Role",
                        "attributes": {
                            "id": "ecsInstanceRole/arn:aws:iam::aws:policy/service-role/AmazonEC2ContainerServiceforEC2Role",
                            "policy_arn": "arn:aws:iam::aws:policy/service-role/AmazonEC2ContainerServiceforEC2Role",
                            "role": "ecsInstanceRole"
                        },
                        "meta": {
                            "schema_version": 0
                        },
                        "tainted": false
                    },
                    "deposed": [],
                    "provider": "provider.aws"
                },
                "aws_iam_role_policy_attachment.tfer--ecsTaskExecutionRole_AmazonECSTaskExecutionRolePolicy": {
                    "type": "aws_iam_role_policy_attachment",
                    "depends_on": [],
                    "primary": {
                        "id": "ecsTaskExecutionRole/arn:aws:iam::aws:policy/service-role/AmazonECSTaskExecutionRolePolicy",
                        "attributes": {
                            "id": "ecsTaskExecutionRole/arn:aws:iam::aws:policy/service-role/AmazonECSTaskExecutionRolePolicy",
                            "policy_arn": "arn:aws:iam::aws:policy/service-role/AmazonECSTaskExecutionRolePolicy",
                            "role": "ecsTaskExecutionRole"
                        },
                        "meta": {
                            "schema_version": 0
                        },
                        "tainted": false
                    },
                    "deposed": [],
                    "provider": "provider.aws"
                },
                "aws_iam_role_policy_attachment.tfer--eventspark-microservice-stg-ap-southeast-1-lambdaRole_AWSLambdaVPCAccessExecutionRole": {
                    "type": "aws_iam_role_policy_attachment",
                    "depends_on": [],
                    "primary": {
                        "id": "eventspark-microservice-stg-ap-southeast-1-lambdaRole/arn:aws:iam::aws:policy/service-role/AWSLambdaVPCAccessExecutionRole",
                        "attributes": {
                            "id": "eventspark-microservice-stg-ap-southeast-1-lambdaRole/arn:aws:iam::aws:policy/service-role/AWSLambdaVPCAccessExecutionRole",
                            "policy_arn": "arn:aws:iam::aws:policy/service-role/AWSLambdaVPCAccessExecutionRole",
                            "role": "eventspark-microservice-stg-ap-southeast-1-lambdaRole"
                        },
                        "meta": {
                            "schema_version": 0
                        },
                        "tainted": false
                    },
                    "deposed": [],
                    "provider": "provider.aws"
                },
                "aws_iam_role_policy_attachment.tfer--rds-monitoring-role_AmazonRDSEnhancedMonitoringRole": {
                    "type": "aws_iam_role_policy_attachment",
                    "depends_on": [],
                    "primary": {
                        "id": "rds-monitoring-role/arn:aws:iam::aws:policy/service-role/AmazonRDSEnhancedMonitoringRole",
                        "attributes": {
                            "id": "rds-monitoring-role/arn:aws:iam::aws:policy/service-role/AmazonRDSEnhancedMonitoringRole",
                            "policy_arn": "arn:aws:iam::aws:policy/service-role/AmazonRDSEnhancedMonitoringRole",
                            "role": "rds-monitoring-role"
                        },
                        "meta": {
                            "schema_version": 0
                        },
                        "tainted": false
                    },
                    "deposed": [],
                    "provider": "provider.aws"
                },
                "aws_iam_user.tfer--AIDAVRUVQDJC5JRB6JUPV": {
                    "type": "aws_iam_user",
                    "depends_on": [],
                    "primary": {
                        "id": "yeeying",
                        "attributes": {
                            "arn": "arn:aws:iam::381491878469:user/yeeying",
                            "force_destroy": "false",
                            "id": "yeeying",
                            "name": "yeeying",
                            "path": "/",
                            "permissions_boundary": "",
                            "tags.%": "0",
                            "tags_all.%": "0",
                            "unique_id": "AIDAVRUVQDJC5JRB6JUPV"
                        },
                        "meta": {
                            "schema_version": 0
                        },
                        "tainted": false
                    },
                    "deposed": [],
                    "provider": "provider.aws"
                },
                "aws_iam_user.tfer--AIDAVRUVQDJC5W46CXSCW": {
                    "type": "aws_iam_user",
                    "depends_on": [],
                    "primary": {
                        "id": "iac_terraform",
                        "attributes": {
                            "arn": "arn:aws:iam::381491878469:user/iac_terraform",
                            "force_destroy": "false",
                            "id": "iac_terraform",
                            "name": "iac_terraform",
                            "path": "/",
                            "permissions_boundary": "",
                            "tags.%": "3",
                            "tags.AKIAVRUVQDJC33XCQZXL": "ec2",
                            "tags.AKIAVRUVQDJCRBV43LHI": "terraform",
                            "tags.AKIAVRUVQDJCSVCD63TA": "terraform",
                            "tags_all.%": "3",
                            "tags_all.AKIAVRUVQDJC33XCQZXL": "ec2",
                            "tags_all.AKIAVRUVQDJCRBV43LHI": "terraform",
                            "tags_all.AKIAVRUVQDJCSVCD63TA": "terraform",
                            "unique_id": "AIDAVRUVQDJC5W46CXSCW"
                        },
                        "meta": {
                            "schema_version": 0
                        },
                        "tainted": false
                    },
                    "deposed": [],
                    "provider": "provider.aws"
                },
                "aws_iam_user.tfer--AIDAVRUVQDJC7DOTAIOJA": {
                    "type": "aws_iam_user",
                    "depends_on": [],
                    "primary": {
                        "id": "ecr_ecs_user",
                        "attributes": {
                            "arn": "arn:aws:iam::381491878469:user/ecr_ecs_user",
                            "force_destroy": "false",
                            "id": "ecr_ecs_user",
                            "name": "ecr_ecs_user",
                            "path": "/",
                            "permissions_boundary": "",
                            "tags.%": "4",
                            "tags.AKIAVRUVQDJC3W7547LH": "ECS_Pipeline",
                            "tags.AKIAVRUVQDJCSJ2ZBD55": "ECS_Pipeline",
                            "tags.AKIAVRUVQDJCT7RENPPX": "ECS_backend_pipeline",
                            "tags.AKIAVRUVQDJCX5JJJ3WX": "ECS",
                            "tags_all.%": "4",
                            "tags_all.AKIAVRUVQDJC3W7547LH": "ECS_Pipeline",
                            "tags_all.AKIAVRUVQDJCSJ2ZBD55": "ECS_Pipeline",
                            "tags_all.AKIAVRUVQDJCT7RENPPX": "ECS_backend_pipeline",
                            "tags_all.AKIAVRUVQDJCX5JJJ3WX": "ECS",
                            "unique_id": "AIDAVRUVQDJC7DOTAIOJA"
                        },
                        "meta": {
                            "schema_version": 0
                        },
                        "tainted": false
                    },
                    "deposed": [],
                    "provider": "provider.aws"
                },
                "aws_iam_user.tfer--AIDAVRUVQDJCR42PZLAXS": {
                    "type": "aws_iam_user",
                    "depends_on": [],
                    "primary": {
                        "id": "jeth",
                        "attributes": {
                            "arn": "arn:aws:iam::381491878469:user/jeth",
                            "force_destroy": "false",
                            "id": "jeth",
                            "name": "jeth",
                            "path": "/",
                            "permissions_boundary": "",
                            "tags.%": "0",
                            "tags_all.%": "0",
                            "unique_id": "AIDAVRUVQDJCR42PZLAXS"
                        },
                        "meta": {
                            "schema_version": 0
                        },
                        "tainted": false
                    },
                    "deposed": [],
                    "provider": "provider.aws"
                },
                "aws_iam_user.tfer--AIDAVRUVQDJCRD2BWE3LR": {
                    "type": "aws_iam_user",
                    "depends_on": [],
                    "primary": {
                        "id": "ses_user",
                        "attributes": {
                            "arn": "arn:aws:iam::381491878469:user/ses_user",
                            "force_destroy": "false",
                            "id": "ses_user",
                            "name": "ses_user",
                            "path": "/",
                            "permissions_boundary": "",
                            "tags.%": "1",
                            "tags.AKIAVRUVQDJCRX4RP4TE": "SES",
                            "tags_all.%": "1",
                            "tags_all.AKIAVRUVQDJCRX4RP4TE": "SES",
                            "unique_id": "AIDAVRUVQDJCRD2BWE3LR"
                        },
                        "meta": {
                            "schema_version": 0
                        },
                        "tainted": false
                    },
                    "deposed": [],
                    "provider": "provider.aws"
                },
                "aws_iam_user.tfer--AIDAVRUVQDJCWM65QJFPA": {
                    "type": "aws_iam_user",
                    "depends_on": [],
                    "primary": {
                        "id": "backend_user",
                        "attributes": {
                            "arn": "arn:aws:iam::381491878469:user/backend_user",
                            "force_destroy": "false",
                            "id": "backend_user",
                            "name": "backend_user",
                            "path": "/",
                            "permissions_boundary": "",
                            "tags.%": "1",
                            "tags.AKIAVRUVQDJCSQUOBZKL": "backend_pipeline",
                            "tags_all.%": "1",
                            "tags_all.AKIAVRUVQDJCSQUOBZKL": "backend_pipeline",
                            "unique_id": "AIDAVRUVQDJCWM65QJFPA"
                        },
                        "meta": {
                            "schema_version": 0
                        },
                        "tainted": false
                    },
                    "deposed": [],
                    "provider": "provider.aws"
                },
                "aws_iam_user.tfer--AIDAVRUVQDJCYFC4YMIS6": {
                    "type": "aws_iam_user",
                    "depends_on": [],
                    "primary": {
                        "id": "serverless_user",
                        "attributes": {
                            "arn": "arn:aws:iam::381491878469:user/serverless_user",
                            "force_destroy": "false",
                            "id": "serverless_user",
                            "name": "serverless_user",
                            "path": "/",
                            "permissions_boundary": "",
                            "tags.%": "1",
                            "tags.AKIAVRUVQDJCQA75E5HJ": "serverless",
                            "tags_all.%": "1",
                            "tags_all.AKIAVRUVQDJCQA75E5HJ": "serverless",
                            "unique_id": "AIDAVRUVQDJCYFC4YMIS6"
                        },
                        "meta": {
                            "schema_version": 0
                        },
                        "tainted": false
                    },
                    "deposed": [],
                    "provider": "provider.aws"
                },
                "aws_iam_user.tfer--AIDAVRUVQDJCYKP5RSPEV": {
                    "type": "aws_iam_user",
                    "depends_on": [],
                    "primary": {
                        "id": "liran",
                        "attributes": {
                            "arn": "arn:aws:iam::381491878469:user/liran",
                            "force_destroy": "false",
                            "id": "liran",
                            "name": "liran",
                            "path": "/",
                            "permissions_boundary": "",
                            "tags.%": "0",
                            "tags_all.%": "0",
                            "unique_id": "AIDAVRUVQDJCYKP5RSPEV"
                        },
                        "meta": {
                            "schema_version": 0
                        },
                        "tainted": false
                    },
                    "deposed": [],
                    "provider": "provider.aws"
                },
                "aws_iam_user.tfer--AIDAVRUVQDJCZTRCHF3SH": {
                    "type": "aws_iam_user",
                    "depends_on": [],
                    "primary": {
                        "id": "randy",
                        "attributes": {
                            "arn": "arn:aws:iam::381491878469:user/randy",
                            "force_destroy": "false",
                            "id": "randy",
                            "name": "randy",
                            "path": "/",
                            "permissions_boundary": "",
                            "tags.%": "1",
                            "tags.AKIAVRUVQDJC3TQHCKZR": "terraform",
                            "tags_all.%": "1",
                            "tags_all.AKIAVRUVQDJC3TQHCKZR": "terraform",
                            "unique_id": "AIDAVRUVQDJCZTRCHF3SH"
                        },
                        "meta": {
                            "schema_version": 0
                        },
                        "tainted": false
                    },
                    "deposed": [],
                    "provider": "provider.aws"
                },
                "aws_iam_user_policy_attachment.tfer--backend_user_AmazonS3FullAccess": {
                    "type": "aws_iam_user_policy_attachment",
                    "depends_on": [],
                    "primary": {
                        "id": "backend_user/arn:aws:iam::aws:policy/AmazonS3FullAccess",
                        "attributes": {
                            "id": "backend_user/arn:aws:iam::aws:policy/AmazonS3FullAccess",
                            "policy_arn": "arn:aws:iam::aws:policy/AmazonS3FullAccess",
                            "user": "backend_user"
                        },
                        "meta": {
                            "schema_version": 0
                        },
                        "tainted": false
                    },
                    "deposed": [],
                    "provider": "provider.aws"
                },
                "aws_iam_user_policy_attachment.tfer--backend_user_AmazonSESFullAccess": {
                    "type": "aws_iam_user_policy_attachment",
                    "depends_on": [],
                    "primary": {
                        "id": "backend_user/arn:aws:iam::aws:policy/AmazonSESFullAccess",
                        "attributes": {
                            "id": "backend_user/arn:aws:iam::aws:policy/AmazonSESFullAccess",
                            "policy_arn": "arn:aws:iam::aws:policy/AmazonSESFullAccess",
                            "user": "backend_user"
                        },
                        "meta": {
                            "schema_version": 0
                        },
                        "tainted": false
                    },
                    "deposed": [],
                    "provider": "provider.aws"
                },
                "aws_iam_user_policy_attachment.tfer--ecr_ecs_user_AmazonS3FullAccess": {
                    "type": "aws_iam_user_policy_attachment",
                    "depends_on": [],
                    "primary": {
                        "id": "ecr_ecs_user/arn:aws:iam::aws:policy/AmazonS3FullAccess",
                        "attributes": {
                            "id": "ecr_ecs_user/arn:aws:iam::aws:policy/AmazonS3FullAccess",
                            "policy_arn": "arn:aws:iam::aws:policy/AmazonS3FullAccess",
                            "user": "ecr_ecs_user"
                        },
                        "meta": {
                            "schema_version": 0
                        },
                        "tainted": false
                    },
                    "deposed": [],
                    "provider": "provider.aws"
                },
                "aws_iam_user_policy_attachment.tfer--ecr_ecs_user_AmazonSESFullAccess": {
                    "type": "aws_iam_user_policy_attachment",
                    "depends_on": [],
                    "primary": {
                        "id": "ecr_ecs_user/arn:aws:iam::aws:policy/AmazonSESFullAccess",
                        "attributes": {
                            "id": "ecr_ecs_user/arn:aws:iam::aws:policy/AmazonSESFullAccess",
                            "policy_arn": "arn:aws:iam::aws:policy/AmazonSESFullAccess",
                            "user": "ecr_ecs_user"
                        },
                        "meta": {
                            "schema_version": 0
                        },
                        "tainted": false
                    },
                    "deposed": [],
                    "provider": "provider.aws"
                },
                "aws_iam_user_policy_attachment.tfer--iac_terraform_AdministratorAccess": {
                    "type": "aws_iam_user_policy_attachment",
                    "depends_on": [],
                    "primary": {
                        "id": "iac_terraform/arn:aws:iam::aws:policy/AdministratorAccess",
                        "attributes": {
                            "id": "iac_terraform/arn:aws:iam::aws:policy/AdministratorAccess",
                            "policy_arn": "arn:aws:iam::aws:policy/AdministratorAccess",
                            "user": "iac_terraform"
                        },
                        "meta": {
                            "schema_version": 0
                        },
                        "tainted": false
                    },
                    "deposed": [],
                    "provider": "provider.aws"
                },
                "aws_iam_user_policy_attachment.tfer--jeth_AdministratorAccess": {
                    "type": "aws_iam_user_policy_attachment",
                    "depends_on": [],
                    "primary": {
                        "id": "jeth/arn:aws:iam::aws:policy/AdministratorAccess",
                        "attributes": {
                            "id": "jeth/arn:aws:iam::aws:policy/AdministratorAccess",
                            "policy_arn": "arn:aws:iam::aws:policy/AdministratorAccess",
                            "user": "jeth"
                        },
                        "meta": {
                            "schema_version": 0
                        },
                        "tainted": false
                    },
                    "deposed": [],
                    "provider": "provider.aws"
                },
                "aws_iam_user_policy_attachment.tfer--liran_AdministratorAccess": {
                    "type": "aws_iam_user_policy_attachment",
                    "depends_on": [],
                    "primary": {
                        "id": "liran/arn:aws:iam::aws:policy/AdministratorAccess",
                        "attributes": {
                            "id": "liran/arn:aws:iam::aws:policy/AdministratorAccess",
                            "policy_arn": "arn:aws:iam::aws:policy/AdministratorAccess",
                            "user": "liran"
                        },
                        "meta": {
                            "schema_version": 0
                        },
                        "tainted": false
                    },
                    "deposed": [],
                    "provider": "provider.aws"
                },
                "aws_iam_user_policy_attachment.tfer--randy_AdministratorAccess": {
                    "type": "aws_iam_user_policy_attachment",
                    "depends_on": [],
                    "primary": {
                        "id": "randy/arn:aws:iam::aws:policy/AdministratorAccess",
                        "attributes": {
                            "id": "randy/arn:aws:iam::aws:policy/AdministratorAccess",
                            "policy_arn": "arn:aws:iam::aws:policy/AdministratorAccess",
                            "user": "randy"
                        },
                        "meta": {
                            "schema_version": 0
                        },
                        "tainted": false
                    },
                    "deposed": [],
                    "provider": "provider.aws"
                },
                "aws_iam_user_policy_attachment.tfer--serverless_user_AdministratorAccess": {
                    "type": "aws_iam_user_policy_attachment",
                    "depends_on": [],
                    "primary": {
                        "id": "serverless_user/arn:aws:iam::aws:policy/AdministratorAccess",
                        "attributes": {
                            "id": "serverless_user/arn:aws:iam::aws:policy/AdministratorAccess",
                            "policy_arn": "arn:aws:iam::aws:policy/AdministratorAccess",
                            "user": "serverless_user"
                        },
                        "meta": {
                            "schema_version": 0
                        },
                        "tainted": false
                    },
                    "deposed": [],
                    "provider": "provider.aws"
                },
                "aws_iam_user_policy_attachment.tfer--ses_user_AmazonSESFullAccess": {
                    "type": "aws_iam_user_policy_attachment",
                    "depends_on": [],
                    "primary": {
                        "id": "ses_user/arn:aws:iam::aws:policy/AmazonSESFullAccess",
                        "attributes": {
                            "id": "ses_user/arn:aws:iam::aws:policy/AmazonSESFullAccess",
                            "policy_arn": "arn:aws:iam::aws:policy/AmazonSESFullAccess",
                            "user": "ses_user"
                        },
                        "meta": {
                            "schema_version": 0
                        },
                        "tainted": false
                    },
                    "deposed": [],
                    "provider": "provider.aws"
                },
                "aws_iam_user_policy_attachment.tfer--yeeying_AdministratorAccess": {
                    "type": "aws_iam_user_policy_attachment",
                    "depends_on": [],
                    "primary": {
                        "id": "yeeying/arn:aws:iam::aws:policy/AdministratorAccess",
                        "attributes": {
                            "id": "yeeying/arn:aws:iam::aws:policy/AdministratorAccess",
                            "policy_arn": "arn:aws:iam::aws:policy/AdministratorAccess",
                            "user": "yeeying"
                        },
                        "meta": {
                            "schema_version": 0
                        },
                        "tainted": false
                    },
                    "deposed": [],
                    "provider": "provider.aws"
                }
            },
            "depends_on": []
        }
    ]
}
