{
    "version": 3,
    "terraform_version": "0.12.31",
    "serial": 1,
    "lineage": "7e5d0c32-a01d-5555-a403-ec33fe47bf28",
    "modules": [
        {
            "path": [
                "root"
            ],
            "outputs": {
                "aws_lb_listener_tfer--arn-003A-aws-003A-elasticloadbalancing-003A-ap-southeast-1-003A-381491878469-003A-listener-002F-app-002F-ecs-backend-lb-002F-7371efdacc10e186-002F-12873afeff2bc31e_id": {
                    "sensitive": false,
                    "type": "string",
                    "value": "arn:aws:elasticloadbalancing:ap-southeast-1:381491878469:listener/app/ecs-backend-lb/7371efdacc10e186/12873afeff2bc31e"
                },
                "aws_lb_listener_tfer--arn-003A-aws-003A-elasticloadbalancing-003A-ap-southeast-1-003A-381491878469-003A-listener-002F-app-002F-ecs-frontend-lb-002F-bff2fbb9cac1396c-002F-12daabeccc99ad56_id": {
                    "sensitive": false,
                    "type": "string",
                    "value": "arn:aws:elasticloadbalancing:ap-southeast-1:381491878469:listener/app/ecs-frontend-lb/bff2fbb9cac1396c/12daabeccc99ad56"
                },
                "aws_lb_target_group_attachment_tfer--arn-003A-aws-003A-elasticloadbalancing-003A-ap-southeast-1-003A-381491878469-003A-targetgroup-002F-ecs-backend-tg-002F-02cc66f2b51595ce-172-002E-31-002E-37-002E-69_id": {
                    "sensitive": false,
                    "type": "string",
                    "value": "arn:aws:elasticloadbalancing:ap-southeast-1:381491878469:targetgroup/ecs-backend-tg/02cc66f2b51595ce-172.31.37.69"
                },
                "aws_lb_target_group_tfer--ecs-backend-tg_id": {
                    "sensitive": false,
                    "type": "string",
                    "value": "arn:aws:elasticloadbalancing:ap-southeast-1:381491878469:targetgroup/ecs-backend-tg/02cc66f2b51595ce"
                },
                "aws_lb_target_group_tfer--ecs-frontend-tg_id": {
                    "sensitive": false,
                    "type": "string",
                    "value": "arn:aws:elasticloadbalancing:ap-southeast-1:381491878469:targetgroup/ecs-frontend-tg/d9f5d8e3c271bce4"
                },
                "aws_lb_tfer--ecs-backend-lb_id": {
                    "sensitive": false,
                    "type": "string",
                    "value": "arn:aws:elasticloadbalancing:ap-southeast-1:381491878469:loadbalancer/app/ecs-backend-lb/7371efdacc10e186"
                },
                "aws_lb_tfer--ecs-frontend-lb_id": {
                    "sensitive": false,
                    "type": "string",
                    "value": "arn:aws:elasticloadbalancing:ap-southeast-1:381491878469:loadbalancer/app/ecs-frontend-lb/bff2fbb9cac1396c"
                }
            },
            "resources": {
                "aws_lb.tfer--ecs-backend-lb": {
                    "type": "aws_lb",
                    "depends_on": [],
                    "primary": {
                        "id": "arn:aws:elasticloadbalancing:ap-southeast-1:381491878469:loadbalancer/app/ecs-backend-lb/7371efdacc10e186",
                        "attributes": {
                            "access_logs.#": "1",
                            "access_logs.0.bucket": "",
                            "access_logs.0.enabled": "false",
                            "access_logs.0.prefix": "",
                            "arn": "arn:aws:elasticloadbalancing:ap-southeast-1:381491878469:loadbalancer/app/ecs-backend-lb/7371efdacc10e186",
                            "arn_suffix": "app/ecs-backend-lb/7371efdacc10e186",
                            "client_keep_alive": "3600",
                            "connection_logs.#": "1",
                            "connection_logs.0.bucket": "",
                            "connection_logs.0.enabled": "false",
                            "connection_logs.0.prefix": "",
                            "customer_owned_ipv4_pool": "",
                            "desync_mitigation_mode": "defensive",
                            "dns_name": "ecs-backend-lb-2076076165.ap-southeast-1.elb.amazonaws.com",
                            "drop_invalid_header_fields": "false",
                            "enable_cross_zone_load_balancing": "true",
                            "enable_deletion_protection": "false",
                            "enable_http2": "true",
                            "enable_tls_version_and_cipher_suite_headers": "false",
                            "enable_waf_fail_open": "false",
                            "enable_xff_client_port": "false",
                            "enforce_security_group_inbound_rules_on_private_link_traffic": "",
                            "id": "arn:aws:elasticloadbalancing:ap-southeast-1:381491878469:loadbalancer/app/ecs-backend-lb/7371efdacc10e186",
                            "idle_timeout": "60",
                            "internal": "false",
                            "ip_address_type": "ipv4",
                            "load_balancer_type": "application",
                            "name": "ecs-backend-lb",
                            "name_prefix": "",
                            "preserve_host_header": "false",
                            "security_groups.#": "1",
                            "security_groups.0": "sg-05e3805b32851ecaf",
                            "subnet_mapping.#": "2",
                            "subnet_mapping.0.allocation_id": "",
                            "subnet_mapping.0.ipv6_address": "",
                            "subnet_mapping.0.outpost_id": "",
                            "subnet_mapping.0.private_ipv4_address": "",
                            "subnet_mapping.0.subnet_id": "subnet-068f17dc224e47b3d",
                            "subnet_mapping.1.allocation_id": "",
                            "subnet_mapping.1.ipv6_address": "",
                            "subnet_mapping.1.outpost_id": "",
                            "subnet_mapping.1.private_ipv4_address": "",
                            "subnet_mapping.1.subnet_id": "subnet-087ee7407ca83fcac",
                            "subnets.#": "2",
                            "subnets.0": "subnet-068f17dc224e47b3d",
                            "subnets.1": "subnet-087ee7407ca83fcac",
                            "tags.%": "0",
                            "tags_all.%": "0",
                            "vpc_id": "vpc-0d14a27454a1907b9",
                            "xff_header_processing_mode": "append",
                            "zone_id": "Z1LMS91P8CMLE5"
                        },
                        "meta": {
                            "schema_version": 0
                        },
                        "tainted": false
                    },
                    "deposed": [],
                    "provider": "provider.aws"
                },
                "aws_lb.tfer--ecs-frontend-lb": {
                    "type": "aws_lb",
                    "depends_on": [],
                    "primary": {
                        "id": "arn:aws:elasticloadbalancing:ap-southeast-1:381491878469:loadbalancer/app/ecs-frontend-lb/bff2fbb9cac1396c",
                        "attributes": {
                            "access_logs.#": "1",
                            "access_logs.0.bucket": "",
                            "access_logs.0.enabled": "false",
                            "access_logs.0.prefix": "",
                            "arn": "arn:aws:elasticloadbalancing:ap-southeast-1:381491878469:loadbalancer/app/ecs-frontend-lb/bff2fbb9cac1396c",
                            "arn_suffix": "app/ecs-frontend-lb/bff2fbb9cac1396c",
                            "client_keep_alive": "3600",
                            "connection_logs.#": "1",
                            "connection_logs.0.bucket": "",
                            "connection_logs.0.enabled": "false",
                            "connection_logs.0.prefix": "",
                            "customer_owned_ipv4_pool": "",
                            "desync_mitigation_mode": "defensive",
                            "dns_name": "ecs-frontend-lb-735742951.ap-southeast-1.elb.amazonaws.com",
                            "drop_invalid_header_fields": "false",
                            "enable_cross_zone_load_balancing": "true",
                            "enable_deletion_protection": "false",
                            "enable_http2": "true",
                            "enable_tls_version_and_cipher_suite_headers": "false",
                            "enable_waf_fail_open": "false",
                            "enable_xff_client_port": "false",
                            "enforce_security_group_inbound_rules_on_private_link_traffic": "",
                            "id": "arn:aws:elasticloadbalancing:ap-southeast-1:381491878469:loadbalancer/app/ecs-frontend-lb/bff2fbb9cac1396c",
                            "idle_timeout": "60",
                            "internal": "false",
                            "ip_address_type": "ipv4",
                            "load_balancer_type": "application",
                            "name": "ecs-frontend-lb",
                            "name_prefix": "",
                            "preserve_host_header": "false",
                            "security_groups.#": "1",
                            "security_groups.0": "sg-038cfef2c5f97a66f",
                            "subnet_mapping.#": "2",
                            "subnet_mapping.0.allocation_id": "",
                            "subnet_mapping.0.ipv6_address": "",
                            "subnet_mapping.0.outpost_id": "",
                            "subnet_mapping.0.private_ipv4_address": "",
                            "subnet_mapping.0.subnet_id": "subnet-068f17dc224e47b3d",
                            "subnet_mapping.1.allocation_id": "",
                            "subnet_mapping.1.ipv6_address": "",
                            "subnet_mapping.1.outpost_id": "",
                            "subnet_mapping.1.private_ipv4_address": "",
                            "subnet_mapping.1.subnet_id": "subnet-087ee7407ca83fcac",
                            "subnets.#": "2",
                            "subnets.0": "subnet-068f17dc224e47b3d",
                            "subnets.1": "subnet-087ee7407ca83fcac",
                            "tags.%": "0",
                            "tags_all.%": "0",
                            "vpc_id": "vpc-0d14a27454a1907b9",
                            "xff_header_processing_mode": "append",
                            "zone_id": "Z1LMS91P8CMLE5"
                        },
                        "meta": {
                            "schema_version": 0
                        },
                        "tainted": false
                    },
                    "deposed": [],
                    "provider": "provider.aws"
                },
                "aws_lb_listener.tfer--arn-003A-aws-003A-elasticloadbalancing-003A-ap-southeast-1-003A-381491878469-003A-listener-002F-app-002F-ecs-backend-lb-002F-7371efdacc10e186-002F-12873afeff2bc31e": {
                    "type": "aws_lb_listener",
                    "depends_on": [],
                    "primary": {
                        "id": "arn:aws:elasticloadbalancing:ap-southeast-1:381491878469:listener/app/ecs-backend-lb/7371efdacc10e186/12873afeff2bc31e",
                        "attributes": {
                            "arn": "arn:aws:elasticloadbalancing:ap-southeast-1:381491878469:listener/app/ecs-backend-lb/7371efdacc10e186/12873afeff2bc31e",
                            "default_action.#": "1",
                            "default_action.0.authenticate_cognito.#": "0",
                            "default_action.0.authenticate_oidc.#": "0",
                            "default_action.0.fixed_response.#": "0",
                            "default_action.0.forward.#": "1",
                            "default_action.0.forward.0.stickiness.#": "1",
                            "default_action.0.forward.0.stickiness.0.duration": "3600",
                            "default_action.0.forward.0.stickiness.0.enabled": "false",
                            "default_action.0.forward.0.target_group.#": "1",
                            "default_action.0.forward.0.target_group.0.arn": "arn:aws:elasticloadbalancing:ap-southeast-1:381491878469:targetgroup/ecs-backend-tg/02cc66f2b51595ce",
                            "default_action.0.forward.0.target_group.0.weight": "1",
                            "default_action.0.order": "1",
                            "default_action.0.redirect.#": "0",
                            "default_action.0.target_group_arn": "arn:aws:elasticloadbalancing:ap-southeast-1:381491878469:targetgroup/ecs-backend-tg/02cc66f2b51595ce",
                            "default_action.0.type": "forward",
                            "id": "arn:aws:elasticloadbalancing:ap-southeast-1:381491878469:listener/app/ecs-backend-lb/7371efdacc10e186/12873afeff2bc31e",
                            "load_balancer_arn": "arn:aws:elasticloadbalancing:ap-southeast-1:381491878469:loadbalancer/app/ecs-backend-lb/7371efdacc10e186",
                            "mutual_authentication.#": "0",
                            "port": "80",
                            "protocol": "HTTP",
                            "ssl_policy": "",
                            "tags.%": "0",
                            "tags_all.%": "0"
                        },
                        "meta": {
                            "schema_version": 0
                        },
                        "tainted": false
                    },
                    "deposed": [],
                    "provider": "provider.aws"
                },
                "aws_lb_listener.tfer--arn-003A-aws-003A-elasticloadbalancing-003A-ap-southeast-1-003A-381491878469-003A-listener-002F-app-002F-ecs-frontend-lb-002F-bff2fbb9cac1396c-002F-12daabeccc99ad56": {
                    "type": "aws_lb_listener",
                    "depends_on": [],
                    "primary": {
                        "id": "arn:aws:elasticloadbalancing:ap-southeast-1:381491878469:listener/app/ecs-frontend-lb/bff2fbb9cac1396c/12daabeccc99ad56",
                        "attributes": {
                            "arn": "arn:aws:elasticloadbalancing:ap-southeast-1:381491878469:listener/app/ecs-frontend-lb/bff2fbb9cac1396c/12daabeccc99ad56",
                            "default_action.#": "1",
                            "default_action.0.authenticate_cognito.#": "0",
                            "default_action.0.authenticate_oidc.#": "0",
                            "default_action.0.fixed_response.#": "0",
                            "default_action.0.forward.#": "1",
                            "default_action.0.forward.0.stickiness.#": "1",
                            "default_action.0.forward.0.stickiness.0.duration": "3600",
                            "default_action.0.forward.0.stickiness.0.enabled": "false",
                            "default_action.0.forward.0.target_group.#": "1",
                            "default_action.0.forward.0.target_group.0.arn": "arn:aws:elasticloadbalancing:ap-southeast-1:381491878469:targetgroup/ecs-frontend-tg/d9f5d8e3c271bce4",
                            "default_action.0.forward.0.target_group.0.weight": "1",
                            "default_action.0.order": "1",
                            "default_action.0.redirect.#": "0",
                            "default_action.0.target_group_arn": "arn:aws:elasticloadbalancing:ap-southeast-1:381491878469:targetgroup/ecs-frontend-tg/d9f5d8e3c271bce4",
                            "default_action.0.type": "forward",
                            "id": "arn:aws:elasticloadbalancing:ap-southeast-1:381491878469:listener/app/ecs-frontend-lb/bff2fbb9cac1396c/12daabeccc99ad56",
                            "load_balancer_arn": "arn:aws:elasticloadbalancing:ap-southeast-1:381491878469:loadbalancer/app/ecs-frontend-lb/bff2fbb9cac1396c",
                            "mutual_authentication.#": "0",
                            "port": "80",
                            "protocol": "HTTP",
                            "ssl_policy": "",
                            "tags.%": "0",
                            "tags_all.%": "0"
                        },
                        "meta": {
                            "schema_version": 0
                        },
                        "tainted": false
                    },
                    "deposed": [],
                    "provider": "provider.aws"
                },
                "aws_lb_target_group.tfer--ecs-backend-tg": {
                    "type": "aws_lb_target_group",
                    "depends_on": [],
                    "primary": {
                        "id": "arn:aws:elasticloadbalancing:ap-southeast-1:381491878469:targetgroup/ecs-backend-tg/02cc66f2b51595ce",
                        "attributes": {
                            "arn": "arn:aws:elasticloadbalancing:ap-southeast-1:381491878469:targetgroup/ecs-backend-tg/02cc66f2b51595ce",
                            "arn_suffix": "targetgroup/ecs-backend-tg/02cc66f2b51595ce",
                            "deregistration_delay": "300",
                            "health_check.#": "1",
                            "health_check.0.enabled": "true",
                            "health_check.0.healthy_threshold": "5",
                            "health_check.0.interval": "40",
                            "health_check.0.matcher": "200-399",
                            "health_check.0.path": "/",
                            "health_check.0.port": "traffic-port",
                            "health_check.0.protocol": "HTTP",
                            "health_check.0.timeout": "30",
                            "health_check.0.unhealthy_threshold": "5",
                            "id": "arn:aws:elasticloadbalancing:ap-southeast-1:381491878469:targetgroup/ecs-backend-tg/02cc66f2b51595ce",
                            "ip_address_type": "ipv4",
                            "load_balancer_arns.#": "1",
                            "load_balancer_arns.0": "arn:aws:elasticloadbalancing:ap-southeast-1:381491878469:loadbalancer/app/ecs-backend-lb/7371efdacc10e186",
                            "load_balancing_algorithm_type": "round_robin",
                            "load_balancing_anomaly_mitigation": "off",
                            "load_balancing_cross_zone_enabled": "use_load_balancer_configuration",
                            "name": "ecs-backend-tg",
                            "name_prefix": "",
                            "port": "3001",
                            "protocol": "HTTP",
                            "protocol_version": "HTTP1",
                            "slow_start": "0",
                            "stickiness.#": "1",
                            "stickiness.0.cookie_duration": "86400",
                            "stickiness.0.cookie_name": "",
                            "stickiness.0.enabled": "false",
                            "stickiness.0.type": "lb_cookie",
                            "tags.%": "0",
                            "tags_all.%": "0",
                            "target_failover.#": "1",
                            "target_group_health.#": "1",
                            "target_group_health.0.dns_failover.#": "1",
                            "target_group_health.0.dns_failover.0.minimum_healthy_targets_count": "1",
                            "target_group_health.0.dns_failover.0.minimum_healthy_targets_percentage": "off",
                            "target_group_health.0.unhealthy_state_routing.#": "1",
                            "target_group_health.0.unhealthy_state_routing.0.minimum_healthy_targets_count": "1",
                            "target_group_health.0.unhealthy_state_routing.0.minimum_healthy_targets_percentage": "off",
                            "target_health_state.#": "1",
                            "target_type": "ip",
                            "vpc_id": "vpc-0d14a27454a1907b9"
                        },
                        "meta": {
                            "schema_version": 0
                        },
                        "tainted": false
                    },
                    "deposed": [],
                    "provider": "provider.aws"
                },
                "aws_lb_target_group.tfer--ecs-frontend-tg": {
                    "type": "aws_lb_target_group",
                    "depends_on": [],
                    "primary": {
                        "id": "arn:aws:elasticloadbalancing:ap-southeast-1:381491878469:targetgroup/ecs-frontend-tg/d9f5d8e3c271bce4",
                        "attributes": {
                            "arn": "arn:aws:elasticloadbalancing:ap-southeast-1:381491878469:targetgroup/ecs-frontend-tg/d9f5d8e3c271bce4",
                            "arn_suffix": "targetgroup/ecs-frontend-tg/d9f5d8e3c271bce4",
                            "deregistration_delay": "300",
                            "health_check.#": "1",
                            "health_check.0.enabled": "true",
                            "health_check.0.healthy_threshold": "5",
                            "health_check.0.interval": "50",
                            "health_check.0.matcher": "200-399",
                            "health_check.0.path": "/",
                            "health_check.0.port": "traffic-port",
                            "health_check.0.protocol": "HTTP",
                            "health_check.0.timeout": "40",
                            "health_check.0.unhealthy_threshold": "5",
                            "id": "arn:aws:elasticloadbalancing:ap-southeast-1:381491878469:targetgroup/ecs-frontend-tg/d9f5d8e3c271bce4",
                            "ip_address_type": "ipv4",
                            "load_balancer_arns.#": "1",
                            "load_balancer_arns.0": "arn:aws:elasticloadbalancing:ap-southeast-1:381491878469:loadbalancer/app/ecs-frontend-lb/bff2fbb9cac1396c",
                            "load_balancing_algorithm_type": "round_robin",
                            "load_balancing_anomaly_mitigation": "off",
                            "load_balancing_cross_zone_enabled": "use_load_balancer_configuration",
                            "name": "ecs-frontend-tg",
                            "name_prefix": "",
                            "port": "80",
                            "protocol": "HTTP",
                            "protocol_version": "HTTP1",
                            "slow_start": "0",
                            "stickiness.#": "1",
                            "stickiness.0.cookie_duration": "86400",
                            "stickiness.0.cookie_name": "",
                            "stickiness.0.enabled": "false",
                            "stickiness.0.type": "lb_cookie",
                            "tags.%": "0",
                            "tags_all.%": "0",
                            "target_failover.#": "1",
                            "target_group_health.#": "1",
                            "target_group_health.0.dns_failover.#": "1",
                            "target_group_health.0.dns_failover.0.minimum_healthy_targets_count": "1",
                            "target_group_health.0.dns_failover.0.minimum_healthy_targets_percentage": "off",
                            "target_group_health.0.unhealthy_state_routing.#": "1",
                            "target_group_health.0.unhealthy_state_routing.0.minimum_healthy_targets_count": "1",
                            "target_group_health.0.unhealthy_state_routing.0.minimum_healthy_targets_percentage": "off",
                            "target_health_state.#": "1",
                            "target_type": "ip",
                            "vpc_id": "vpc-0d14a27454a1907b9"
                        },
                        "meta": {
                            "schema_version": 0
                        },
                        "tainted": false
                    },
                    "deposed": [],
                    "provider": "provider.aws"
                },
                "aws_lb_target_group_attachment.tfer--arn-003A-aws-003A-elasticloadbalancing-003A-ap-southeast-1-003A-381491878469-003A-targetgroup-002F-ecs-backend-tg-002F-02cc66f2b51595ce-172-002E-31-002E-37-002E-69": {
                    "type": "aws_lb_target_group_attachment",
                    "depends_on": [],
                    "primary": {
                        "id": "arn:aws:elasticloadbalancing:ap-southeast-1:381491878469:targetgroup/ecs-backend-tg/02cc66f2b51595ce-172.31.37.69",
                        "attributes": {
                            "id": "arn:aws:elasticloadbalancing:ap-southeast-1:381491878469:targetgroup/ecs-backend-tg/02cc66f2b51595ce-172.31.37.69",
                            "target_group_arn": "arn:aws:elasticloadbalancing:ap-southeast-1:381491878469:targetgroup/ecs-backend-tg/02cc66f2b51595ce",
                            "target_id": "172.31.37.69"
                        },
                        "meta": {
                            "schema_version": 0
                        },
                        "tainted": false
                    },
                    "deposed": [],
                    "provider": "provider.aws"
                }
            },
            "depends_on": []
        }
    ]
}
